// !$*UTF8*$!
{
	archiveVersion = 1;
	classes = {
	};
	objectVersion = 46;
	objects = {

/* Begin PBXBuildFile section */
		061ED52A1E6BF635000DD216 /* WWFacebookShare.mm in Sources */ = {isa = PBXBuildFile; fileRef = 061ED51E1E6BF635000DD216 /* WWFacebookShare.mm */; };
		061ED5321E6BF71A000DD216 /* CFNetwork.framework in Frameworks */ = {isa = PBXBuildFile; fileRef = 061ED5311E6BF71A000DD216 /* CFNetwork.framework */; };
		061ED5341E6BF731000DD216 /* Social.framework in Frameworks */ = {isa = PBXBuildFile; fileRef = 061ED5331E6BF731000DD216 /* Social.framework */; };
		061ED5361E6BF73B000DD216 /* libc++.tbd in Frameworks */ = {isa = PBXBuildFile; fileRef = 061ED5351E6BF73B000DD216 /* libc++.tbd */; };
		061ED5381E6BF743000DD216 /* libxml2.tbd in Frameworks */ = {isa = PBXBuildFile; fileRef = 061ED5371E6BF743000DD216 /* libxml2.tbd */; };
		061ED53A1E6BF74A000DD216 /* WebKit.framework in Frameworks */ = {isa = PBXBuildFile; fileRef = 061ED5391E6BF74A000DD216 /* WebKit.framework */; };
		061ED53C1E6BF74F000DD216 /* SafariServices.framework in Frameworks */ = {isa = PBXBuildFile; fileRef = 061ED53B1E6BF74F000DD216 /* SafariServices.framework */; };
		061ED53E1E6BF755000DD216 /* Accelerate.framework in Frameworks */ = {isa = PBXBuildFile; fileRef = 061ED53D1E6BF755000DD216 /* Accelerate.framework */; };
		061ED5401E6BF75A000DD216 /* MessageUI.framework in Frameworks */ = {isa = PBXBuildFile; fileRef = 061ED53F1E6BF75A000DD216 /* MessageUI.framework */; };
		061ED5421E6BF763000DD216 /* libz.tbd in Frameworks */ = {isa = PBXBuildFile; fileRef = 061ED5411E6BF763000DD216 /* libz.tbd */; };
		061ED5441E6BF76A000DD216 /* CoreBluetooth.framework in Frameworks */ = {isa = PBXBuildFile; fileRef = 061ED5431E6BF76A000DD216 /* CoreBluetooth.framework */; };
		061ED5461E6BF771000DD216 /* CoreLocation.framework in Frameworks */ = {isa = PBXBuildFile; fileRef = 061ED5451E6BF771000DD216 /* CoreLocation.framework */; };
		061ED5481E6BF777000DD216 /* CoreMedia.framework in Frameworks */ = {isa = PBXBuildFile; fileRef = 061ED5471E6BF777000DD216 /* CoreMedia.framework */; };
		061ED54A1E6BF77D000DD216 /* CoreMotion.framework in Frameworks */ = {isa = PBXBuildFile; fileRef = 061ED5491E6BF77D000DD216 /* CoreMotion.framework */; };
		061ED54C1E6BF782000DD216 /* CoreTelephony.framework in Frameworks */ = {isa = PBXBuildFile; fileRef = 061ED54B1E6BF782000DD216 /* CoreTelephony.framework */; };
		061ED54E1E6BF78C000DD216 /* libsqlite3.tbd in Frameworks */ = {isa = PBXBuildFile; fileRef = 061ED54D1E6BF78C000DD216 /* libsqlite3.tbd */; };
		061ED5501E6BF79B000DD216 /* SystemConfiguration.framework in Frameworks */ = {isa = PBXBuildFile; fileRef = 061ED54F1E6BF79B000DD216 /* SystemConfiguration.framework */; };
		061ED5521E6BF7A3000DD216 /* AVFoundation.framework in Frameworks */ = {isa = PBXBuildFile; fileRef = 061ED5511E6BF7A3000DD216 /* AVFoundation.framework */; };
		061ED5591E6BFEE2000DD216 /* Reachability.mm in Sources */ = {isa = PBXBuildFile; fileRef = 061ED5581E6BFEE2000DD216 /* Reachability.mm */; };
		061ED55C1E6BFEF7000DD216 /* WWNetworkManager.cpp in Sources */ = {isa = PBXBuildFile; fileRef = 061ED55A1E6BFEF7000DD216 /* WWNetworkManager.cpp */; };
		061ED5661E6C07D0000DD216 /* Bolts.framework in Frameworks */ = {isa = PBXBuildFile; fileRef = 061ED5611E6C07D0000DD216 /* Bolts.framework */; };
		061ED5671E6C07D0000DD216 /* FBAudienceNetwork.framework in Frameworks */ = {isa = PBXBuildFile; fileRef = 061ED5621E6C07D0000DD216 /* FBAudienceNetwork.framework */; };
		061ED5681E6C07D0000DD216 /* FBSDKCoreKit.framework in Frameworks */ = {isa = PBXBuildFile; fileRef = 061ED5631E6C07D0000DD216 /* FBSDKCoreKit.framework */; };
		061ED5691E6C07D0000DD216 /* FBSDKLoginKit.framework in Frameworks */ = {isa = PBXBuildFile; fileRef = 061ED5641E6C07D0000DD216 /* FBSDKLoginKit.framework */; };
		061ED56A1E6C07D0000DD216 /* FBSDKShareKit.framework in Frameworks */ = {isa = PBXBuildFile; fileRef = 061ED5651E6C07D0000DD216 /* FBSDKShareKit.framework */; };
		061ED56C1E6C0835000DD216 /* CoreVideo.framework in Frameworks */ = {isa = PBXBuildFile; fileRef = 061ED56B1E6C0835000DD216 /* CoreVideo.framework */; };
		061ED56E1E6C086F000DD216 /* MediaPlayer.framework in Frameworks */ = {isa = PBXBuildFile; fileRef = 061ED56D1E6C086F000DD216 /* MediaPlayer.framework */; };
		061ED5701E6C0874000DD216 /* GameController.framework in Frameworks */ = {isa = PBXBuildFile; fileRef = 061ED56F1E6C0874000DD216 /* GameController.framework */; };
		061ED5731E6C08AB000DD216 /* WWSocialFriendDetail.cpp in Sources */ = {isa = PBXBuildFile; fileRef = 061ED5711E6C08AB000DD216 /* WWSocialFriendDetail.cpp */; };
		061ED5761E6C43EB000DD216 /* WWiOSInterface.mm in Sources */ = {isa = PBXBuildFile; fileRef = 061ED5751E6C43EB000DD216 /* WWiOSInterface.mm */; };
		061ED5791E6C44EC000DD216 /* WWSocialManager.cpp in Sources */ = {isa = PBXBuildFile; fileRef = 061ED5771E6C44EC000DD216 /* WWSocialManager.cpp */; };
		064EE7681ECFFF7100FD9331 /* WWBattleScreen.cpp in Sources */ = {isa = PBXBuildFile; fileRef = 064EE7661ECFFF7100FD9331 /* WWBattleScreen.cpp */; };
		0685C6821EB83B8800139015 /* WWMainMenuScreen.cpp in Sources */ = {isa = PBXBuildFile; fileRef = 0685C6801EB83B8800139015 /* WWMainMenuScreen.cpp */; };
		0685C6851EB85B5900139015 /* WWMainMenuActiveList.cpp in Sources */ = {isa = PBXBuildFile; fileRef = 0685C6831EB85B5800139015 /* WWMainMenuActiveList.cpp */; };
		068C5ABB1F1A3B3B0033C4EF /* WWResultScreen.cpp in Sources */ = {isa = PBXBuildFile; fileRef = 068C5AB91F1A3B3B0033C4EF /* WWResultScreen.cpp */; };
		0698817D1F03A02700C5230C /* WWmainMenuPlayConfirmation.cpp in Sources */ = {isa = PBXBuildFile; fileRef = 0698817B1F03A02700C5230C /* WWmainMenuPlayConfirmation.cpp */; };
		06A1FF551EB72591006A1FE7 /* WWSignupScreen.cpp in Sources */ = {isa = PBXBuildFile; fileRef = 06A1FF531EB72591006A1FE7 /* WWSignupScreen.cpp */; };
		06A1FF591EB72F0A006A1FE7 /* WWForgotScreen.cpp in Sources */ = {isa = PBXBuildFile; fileRef = 06A1FF571EB72F0A006A1FE7 /* WWForgotScreen.cpp */; };
		06BCE5CB1EC0E13C0011C87A /* WWSettingPageLayer.cpp in Sources */ = {isa = PBXBuildFile; fileRef = 06BCE5C91EC0E13C0011C87A /* WWSettingPageLayer.cpp */; };
		06BDB13C1EF1A8420009446E /* StoreKit.framework in Frameworks */ = {isa = PBXBuildFile; fileRef = 06BDB13B1EF1A8420009446E /* StoreKit.framework */; };
		06BFF47E1EF4C14F00012DF3 /* WWPlayerInfo.cpp in Sources */ = {isa = PBXBuildFile; fileRef = 06BFF47C1EF4C14F00012DF3 /* WWPlayerInfo.cpp */; };
		06C984021E5AC38900B0660C /* WWObjectiveC.mm in Sources */ = {isa = PBXBuildFile; fileRef = 06C983FF1E5AC38900B0660C /* WWObjectiveC.mm */; };
		06C984031E5AC38900B0660C /* WWObjectiveCCalls.mm in Sources */ = {isa = PBXBuildFile; fileRef = 06C984011E5AC38900B0660C /* WWObjectiveCCalls.mm */; };
		06C9840A1E5AE32B00B0660C /* WWGameScene.cpp in Sources */ = {isa = PBXBuildFile; fileRef = 06C984081E5AE32B00B0660C /* WWGameScene.cpp */; };
		06C9840D1E5B00B700B0660C /* WWAlphabetSprite.cpp in Sources */ = {isa = PBXBuildFile; fileRef = 06C9840B1E5B00B700B0660C /* WWAlphabetSprite.cpp */; };
		06E685DE1E7B901A00833065 /* WWLoginScreen.cpp in Sources */ = {isa = PBXBuildFile; fileRef = 06E685DC1E7B901A00833065 /* WWLoginScreen.cpp */; };
		06E7A6C21E8F7BC1003125BD /* WWPowerUpSprite.cpp in Sources */ = {isa = PBXBuildFile; fileRef = 06E7A6C01E8F7BC0003125BD /* WWPowerUpSprite.cpp */; };
		06ECB2F31EB6F79B004C6DB6 /* WWLandingScreen.cpp in Sources */ = {isa = PBXBuildFile; fileRef = 06ECB2F11EB6F79B004C6DB6 /* WWLandingScreen.cpp */; };
		0E15E3F21E994CED00DF9A3B /* WWGameUtility.cpp in Sources */ = {isa = PBXBuildFile; fileRef = 0E15E3F01E994CED00DF9A3B /* WWGameUtility.cpp */; };
		0EA955901F32C8E500432643 /* Fabric.framework in Frameworks */ = {isa = PBXBuildFile; fileRef = 0EA9558E1F32C8E400432643 /* Fabric.framework */; };
		0EA955911F32C8E500432643 /* Crashlytics.framework in Frameworks */ = {isa = PBXBuildFile; fileRef = 0EA9558F1F32C8E500432643 /* Crashlytics.framework */; };
		0EFE7B631EC365880068A527 /* WWDatamanager.cpp in Sources */ = {isa = PBXBuildFile; fileRef = 0EFE7B611EC365880068A527 /* WWDatamanager.cpp */; };
		0EFE7B671EC371580068A527 /* WWCommonUtilty.cpp in Sources */ = {isa = PBXBuildFile; fileRef = 0EFE7B651EC371580068A527 /* WWCommonUtilty.cpp */; };
		1AC6FB21180E996B004C840B /* libcocos2d Mac.a in Frameworks */ = {isa = PBXBuildFile; fileRef = 1AC6FAF9180E9839004C840B /* libcocos2d Mac.a */; };
		1AC6FB30180E99EB004C840B /* libcocos2d iOS.a in Frameworks */ = {isa = PBXBuildFile; fileRef = 1AC6FB07180E9839004C840B /* libcocos2d iOS.a */; };
		1D60589F0D05DD5A006BFB54 /* Foundation.framework in Frameworks */ = {isa = PBXBuildFile; fileRef = 1D30AB110D05D00D00671497 /* Foundation.framework */; };
		1DF5F4E00D08C38300B7A737 /* UIKit.framework in Frameworks */ = {isa = PBXBuildFile; fileRef = 1DF5F4DF0D08C38300B7A737 /* UIKit.framework */; };
		288765A50DF7441C002DB57D /* CoreGraphics.framework in Frameworks */ = {isa = PBXBuildFile; fileRef = 288765A40DF7441C002DB57D /* CoreGraphics.framework */; };
		294D0D641D0D56D500F7F5D4 /* CoreText.framework in Frameworks */ = {isa = PBXBuildFile; fileRef = 294D0D631D0D56D500F7F5D4 /* CoreText.framework */; };
		3EACC98F19EE6D4300EB3C5E /* res in Resources */ = {isa = PBXBuildFile; fileRef = 3EACC98E19EE6D4300EB3C5E /* res */; };
		3EACC99019EE6D4300EB3C5E /* res in Resources */ = {isa = PBXBuildFile; fileRef = 3EACC98E19EE6D4300EB3C5E /* res */; };
		46880B8819C43A87006E1F66 /* AppDelegate.cpp in Sources */ = {isa = PBXBuildFile; fileRef = 46880B8419C43A87006E1F66 /* AppDelegate.cpp */; };
		46880B8919C43A87006E1F66 /* AppDelegate.cpp in Sources */ = {isa = PBXBuildFile; fileRef = 46880B8419C43A87006E1F66 /* AppDelegate.cpp */; };
		46880B8A19C43A87006E1F66 /* HelloWorldScene.cpp in Sources */ = {isa = PBXBuildFile; fileRef = 46880B8619C43A87006E1F66 /* HelloWorldScene.cpp */; };
		46880B8B19C43A87006E1F66 /* HelloWorldScene.cpp in Sources */ = {isa = PBXBuildFile; fileRef = 46880B8619C43A87006E1F66 /* HelloWorldScene.cpp */; };
		503AE0F817EB97AB00D1A890 /* Icon.icns in Resources */ = {isa = PBXBuildFile; fileRef = 503AE0F617EB97AB00D1A890 /* Icon.icns */; };
		503AE10017EB989F00D1A890 /* AppController.mm in Sources */ = {isa = PBXBuildFile; fileRef = 503AE0FB17EB989F00D1A890 /* AppController.mm */; };
		503AE10117EB989F00D1A890 /* main.m in Sources */ = {isa = PBXBuildFile; fileRef = 503AE0FC17EB989F00D1A890 /* main.m */; };
		503AE10217EB989F00D1A890 /* RootViewController.mm in Sources */ = {isa = PBXBuildFile; fileRef = 503AE0FF17EB989F00D1A890 /* RootViewController.mm */; };
		503AE10517EB98FF00D1A890 /* main.cpp in Sources */ = {isa = PBXBuildFile; fileRef = 503AE10317EB98FF00D1A890 /* main.cpp */; };
		503AE11B17EB9C5A00D1A890 /* IOKit.framework in Frameworks */ = {isa = PBXBuildFile; fileRef = 503AE11A17EB9C5A00D1A890 /* IOKit.framework */; };
		5087E76317EB910900C73F5D /* Foundation.framework in Frameworks */ = {isa = PBXBuildFile; fileRef = 1D30AB110D05D00D00671497 /* Foundation.framework */; };
		5087E76717EB910900C73F5D /* libz.dylib in Frameworks */ = {isa = PBXBuildFile; fileRef = BF170DB412928DE900B8313A /* libz.dylib */; };
		5087E76817EB910900C73F5D /* QuartzCore.framework in Frameworks */ = {isa = PBXBuildFile; fileRef = BF1C47EA1293683800B63C5D /* QuartzCore.framework */; };
		5087E76917EB910900C73F5D /* OpenAL.framework in Frameworks */ = {isa = PBXBuildFile; fileRef = D44C620B132DFF330009C878 /* OpenAL.framework */; };
		5087E76A17EB910900C73F5D /* AVFoundation.framework in Frameworks */ = {isa = PBXBuildFile; fileRef = D44C620D132DFF430009C878 /* AVFoundation.framework */; };
		5087E76B17EB910900C73F5D /* AudioToolbox.framework in Frameworks */ = {isa = PBXBuildFile; fileRef = D44C620F132DFF4E0009C878 /* AudioToolbox.framework */; };
		5087E77D17EB970100C73F5D /* Default-568h@2x.png in Resources */ = {isa = PBXBuildFile; fileRef = 5087E77217EB970100C73F5D /* Default-568h@2x.png */; };
		5087E77E17EB970100C73F5D /* Default.png in Resources */ = {isa = PBXBuildFile; fileRef = 5087E77317EB970100C73F5D /* Default.png */; };
		5087E77F17EB970100C73F5D /* Default@2x.png in Resources */ = {isa = PBXBuildFile; fileRef = 5087E77417EB970100C73F5D /* Default@2x.png */; };
		5087E78017EB970100C73F5D /* Icon-114.png in Resources */ = {isa = PBXBuildFile; fileRef = 5087E77517EB970100C73F5D /* Icon-114.png */; };
		5087E78117EB970100C73F5D /* Icon-120.png in Resources */ = {isa = PBXBuildFile; fileRef = 5087E77617EB970100C73F5D /* Icon-120.png */; };
		5087E78217EB970100C73F5D /* Icon-144.png in Resources */ = {isa = PBXBuildFile; fileRef = 5087E77717EB970100C73F5D /* Icon-144.png */; };
		5087E78317EB970100C73F5D /* Icon-152.png in Resources */ = {isa = PBXBuildFile; fileRef = 5087E77817EB970100C73F5D /* Icon-152.png */; };
		5087E78417EB970100C73F5D /* Icon-57.png in Resources */ = {isa = PBXBuildFile; fileRef = 5087E77917EB970100C73F5D /* Icon-57.png */; };
		5087E78517EB970100C73F5D /* Icon-72.png in Resources */ = {isa = PBXBuildFile; fileRef = 5087E77A17EB970100C73F5D /* Icon-72.png */; };
		5087E78617EB970100C73F5D /* Icon-76.png in Resources */ = {isa = PBXBuildFile; fileRef = 5087E77B17EB970100C73F5D /* Icon-76.png */; };
		5087E78917EB974C00C73F5D /* AppKit.framework in Frameworks */ = {isa = PBXBuildFile; fileRef = 5087E78817EB974C00C73F5D /* AppKit.framework */; };
		5087E78B17EB975400C73F5D /* OpenGL.framework in Frameworks */ = {isa = PBXBuildFile; fileRef = 5087E78A17EB975400C73F5D /* OpenGL.framework */; };
		50EF629617ECD46A001EB2F8 /* Icon-40.png in Resources */ = {isa = PBXBuildFile; fileRef = 50EF629217ECD46A001EB2F8 /* Icon-40.png */; };
		50EF629717ECD46A001EB2F8 /* Icon-58.png in Resources */ = {isa = PBXBuildFile; fileRef = 50EF629317ECD46A001EB2F8 /* Icon-58.png */; };
		50EF629817ECD46A001EB2F8 /* Icon-80.png in Resources */ = {isa = PBXBuildFile; fileRef = 50EF629417ECD46A001EB2F8 /* Icon-80.png */; };
		50EF629917ECD46A001EB2F8 /* Icon-100.png in Resources */ = {isa = PBXBuildFile; fileRef = 50EF629517ECD46A001EB2F8 /* Icon-100.png */; };
		50EF62A217ECD613001EB2F8 /* Icon-29.png in Resources */ = {isa = PBXBuildFile; fileRef = 50EF62A017ECD613001EB2F8 /* Icon-29.png */; };
		50EF62A317ECD613001EB2F8 /* Icon-50.png in Resources */ = {isa = PBXBuildFile; fileRef = 50EF62A117ECD613001EB2F8 /* Icon-50.png */; };
		521A8E6419F0C34300D177D7 /* Default-667h@2x.png in Resources */ = {isa = PBXBuildFile; fileRef = 521A8E6219F0C34300D177D7 /* Default-667h@2x.png */; };
		521A8E6519F0C34300D177D7 /* Default-736h@3x.png in Resources */ = {isa = PBXBuildFile; fileRef = 521A8E6319F0C34300D177D7 /* Default-736h@3x.png */; };
		521A8EA919F11F5000D177D7 /* fonts in Resources */ = {isa = PBXBuildFile; fileRef = 521A8EA819F11F5000D177D7 /* fonts */; };
		521A8EAA19F11F5000D177D7 /* fonts in Resources */ = {isa = PBXBuildFile; fileRef = 521A8EA819F11F5000D177D7 /* fonts */; };
		52B47A471A53D09C004E4C60 /* Security.framework in Frameworks */ = {isa = PBXBuildFile; fileRef = 52B47A461A53D09B004E4C60 /* Security.framework */; };
		8262943E1AAF051F00CB7CF7 /* Security.framework in Frameworks */ = {isa = PBXBuildFile; fileRef = 8262943D1AAF051F00CB7CF7 /* Security.framework */; };
		BF171245129291EC00B8313A /* OpenGLES.framework in Frameworks */ = {isa = PBXBuildFile; fileRef = BF170DB012928DE900B8313A /* OpenGLES.framework */; };
		BF1712471292920000B8313A /* libz.dylib in Frameworks */ = {isa = PBXBuildFile; fileRef = BF170DB412928DE900B8313A /* libz.dylib */; };
		BF1C47F01293687400B63C5D /* QuartzCore.framework in Frameworks */ = {isa = PBXBuildFile; fileRef = BF1C47EA1293683800B63C5D /* QuartzCore.framework */; };
		D44C620C132DFF330009C878 /* OpenAL.framework in Frameworks */ = {isa = PBXBuildFile; fileRef = D44C620B132DFF330009C878 /* OpenAL.framework */; };
		D44C620E132DFF430009C878 /* AVFoundation.framework in Frameworks */ = {isa = PBXBuildFile; fileRef = D44C620D132DFF430009C878 /* AVFoundation.framework */; };
		D44C6210132DFF4E0009C878 /* AudioToolbox.framework in Frameworks */ = {isa = PBXBuildFile; fileRef = D44C620F132DFF4E0009C878 /* AudioToolbox.framework */; };
		D6B0611B1803AB670077942B /* CoreMotion.framework in Frameworks */ = {isa = PBXBuildFile; fileRef = D6B0611A1803AB670077942B /* CoreMotion.framework */; };
		ED545A7C1B68A1F400C3958E /* libiconv.dylib in Frameworks */ = {isa = PBXBuildFile; fileRef = ED545A7B1B68A1F400C3958E /* libiconv.dylib */; };
		ED545A7E1B68A1FA00C3958E /* libiconv.dylib in Frameworks */ = {isa = PBXBuildFile; fileRef = ED545A7D1B68A1FA00C3958E /* libiconv.dylib */; };
/* End PBXBuildFile section */

/* Begin PBXContainerItemProxy section */
		064C63D81E5A9E6F00822AC7 /* PBXContainerItemProxy */ = {
			isa = PBXContainerItemProxy;
			containerPortal = 1AC6FAE5180E9839004C840B /* cocos2d_libs.xcodeproj */;
			proxyType = 2;
			remoteGlobalIDString = 507B40FD1C31BDD30067B53E;
			remoteInfo = "libcocos2d tvOS";
		};
		1AC6FAF8180E9839004C840B /* PBXContainerItemProxy */ = {
			isa = PBXContainerItemProxy;
			containerPortal = 1AC6FAE5180E9839004C840B /* cocos2d_libs.xcodeproj */;
			proxyType = 2;
			remoteGlobalIDString = 1551A33F158F2AB200E66CFE;
			remoteInfo = "cocos2dx Mac";
		};
		1AC6FB06180E9839004C840B /* PBXContainerItemProxy */ = {
			isa = PBXContainerItemProxy;
			containerPortal = 1AC6FAE5180E9839004C840B /* cocos2d_libs.xcodeproj */;
			proxyType = 2;
			remoteGlobalIDString = A07A4D641783777C0073F6A7;
			remoteInfo = "cocos2dx iOS";
		};
		1AC6FB15180E9959004C840B /* PBXContainerItemProxy */ = {
			isa = PBXContainerItemProxy;
			containerPortal = 1AC6FAE5180E9839004C840B /* cocos2d_libs.xcodeproj */;
			proxyType = 1;
			remoteGlobalIDString = 1551A33E158F2AB200E66CFE;
			remoteInfo = "cocos2dx Mac";
		};
		1AC6FB24180E99E1004C840B /* PBXContainerItemProxy */ = {
			isa = PBXContainerItemProxy;
			containerPortal = 1AC6FAE5180E9839004C840B /* cocos2d_libs.xcodeproj */;
			proxyType = 1;
			remoteGlobalIDString = A07A4C241783777C0073F6A7;
			remoteInfo = "cocos2dx iOS";
		};
/* End PBXContainerItemProxy section */

/* Begin PBXFileReference section */
		061ED51D1E6BF635000DD216 /* WWFacebookShare.h */ = {isa = PBXFileReference; fileEncoding = 4; lastKnownFileType = sourcecode.c.h; path = WWFacebookShare.h; sourceTree = "<group>"; };
		061ED51E1E6BF635000DD216 /* WWFacebookShare.mm */ = {isa = PBXFileReference; fileEncoding = 4; lastKnownFileType = sourcecode.cpp.objcpp; path = WWFacebookShare.mm; sourceTree = "<group>"; };
		061ED5311E6BF71A000DD216 /* CFNetwork.framework */ = {isa = PBXFileReference; lastKnownFileType = wrapper.framework; name = CFNetwork.framework; path = Platforms/iPhoneOS.platform/Developer/SDKs/iPhoneOS9.3.sdk/System/Library/Frameworks/CFNetwork.framework; sourceTree = DEVELOPER_DIR; };
		061ED5331E6BF731000DD216 /* Social.framework */ = {isa = PBXFileReference; lastKnownFileType = wrapper.framework; name = Social.framework; path = Platforms/iPhoneOS.platform/Developer/SDKs/iPhoneOS9.3.sdk/System/Library/Frameworks/Social.framework; sourceTree = DEVELOPER_DIR; };
		061ED5351E6BF73B000DD216 /* libc++.tbd */ = {isa = PBXFileReference; lastKnownFileType = "sourcecode.text-based-dylib-definition"; name = "libc++.tbd"; path = "Platforms/iPhoneOS.platform/Developer/SDKs/iPhoneOS9.3.sdk/usr/lib/libc++.tbd"; sourceTree = DEVELOPER_DIR; };
		061ED5371E6BF743000DD216 /* libxml2.tbd */ = {isa = PBXFileReference; lastKnownFileType = "sourcecode.text-based-dylib-definition"; name = libxml2.tbd; path = Platforms/iPhoneOS.platform/Developer/SDKs/iPhoneOS9.3.sdk/usr/lib/libxml2.tbd; sourceTree = DEVELOPER_DIR; };
		061ED5391E6BF74A000DD216 /* WebKit.framework */ = {isa = PBXFileReference; lastKnownFileType = wrapper.framework; name = WebKit.framework; path = Platforms/iPhoneOS.platform/Developer/SDKs/iPhoneOS9.3.sdk/System/Library/Frameworks/WebKit.framework; sourceTree = DEVELOPER_DIR; };
		061ED53B1E6BF74F000DD216 /* SafariServices.framework */ = {isa = PBXFileReference; lastKnownFileType = wrapper.framework; name = SafariServices.framework; path = Platforms/iPhoneOS.platform/Developer/SDKs/iPhoneOS9.3.sdk/System/Library/Frameworks/SafariServices.framework; sourceTree = DEVELOPER_DIR; };
		061ED53D1E6BF755000DD216 /* Accelerate.framework */ = {isa = PBXFileReference; lastKnownFileType = wrapper.framework; name = Accelerate.framework; path = Platforms/iPhoneOS.platform/Developer/SDKs/iPhoneOS9.3.sdk/System/Library/Frameworks/Accelerate.framework; sourceTree = DEVELOPER_DIR; };
		061ED53F1E6BF75A000DD216 /* MessageUI.framework */ = {isa = PBXFileReference; lastKnownFileType = wrapper.framework; name = MessageUI.framework; path = Platforms/iPhoneOS.platform/Developer/SDKs/iPhoneOS9.3.sdk/System/Library/Frameworks/MessageUI.framework; sourceTree = DEVELOPER_DIR; };
		061ED5411E6BF763000DD216 /* libz.tbd */ = {isa = PBXFileReference; lastKnownFileType = "sourcecode.text-based-dylib-definition"; name = libz.tbd; path = Platforms/iPhoneOS.platform/Developer/SDKs/iPhoneOS9.3.sdk/usr/lib/libz.tbd; sourceTree = DEVELOPER_DIR; };
		061ED5431E6BF76A000DD216 /* CoreBluetooth.framework */ = {isa = PBXFileReference; lastKnownFileType = wrapper.framework; name = CoreBluetooth.framework; path = Platforms/iPhoneOS.platform/Developer/SDKs/iPhoneOS9.3.sdk/System/Library/Frameworks/CoreBluetooth.framework; sourceTree = DEVELOPER_DIR; };
		061ED5451E6BF771000DD216 /* CoreLocation.framework */ = {isa = PBXFileReference; lastKnownFileType = wrapper.framework; name = CoreLocation.framework; path = Platforms/iPhoneOS.platform/Developer/SDKs/iPhoneOS9.3.sdk/System/Library/Frameworks/CoreLocation.framework; sourceTree = DEVELOPER_DIR; };
		061ED5471E6BF777000DD216 /* CoreMedia.framework */ = {isa = PBXFileReference; lastKnownFileType = wrapper.framework; name = CoreMedia.framework; path = Platforms/iPhoneOS.platform/Developer/SDKs/iPhoneOS9.3.sdk/System/Library/Frameworks/CoreMedia.framework; sourceTree = DEVELOPER_DIR; };
		061ED5491E6BF77D000DD216 /* CoreMotion.framework */ = {isa = PBXFileReference; lastKnownFileType = wrapper.framework; name = CoreMotion.framework; path = Platforms/iPhoneOS.platform/Developer/SDKs/iPhoneOS9.3.sdk/System/Library/Frameworks/CoreMotion.framework; sourceTree = DEVELOPER_DIR; };
		061ED54B1E6BF782000DD216 /* CoreTelephony.framework */ = {isa = PBXFileReference; lastKnownFileType = wrapper.framework; name = CoreTelephony.framework; path = Platforms/iPhoneOS.platform/Developer/SDKs/iPhoneOS9.3.sdk/System/Library/Frameworks/CoreTelephony.framework; sourceTree = DEVELOPER_DIR; };
		061ED54D1E6BF78C000DD216 /* libsqlite3.tbd */ = {isa = PBXFileReference; lastKnownFileType = "sourcecode.text-based-dylib-definition"; name = libsqlite3.tbd; path = Platforms/iPhoneOS.platform/Developer/SDKs/iPhoneOS9.3.sdk/usr/lib/libsqlite3.tbd; sourceTree = DEVELOPER_DIR; };
		061ED54F1E6BF79B000DD216 /* SystemConfiguration.framework */ = {isa = PBXFileReference; lastKnownFileType = wrapper.framework; name = SystemConfiguration.framework; path = Platforms/iPhoneOS.platform/Developer/SDKs/iPhoneOS9.3.sdk/System/Library/Frameworks/SystemConfiguration.framework; sourceTree = DEVELOPER_DIR; };
		061ED5511E6BF7A3000DD216 /* AVFoundation.framework */ = {isa = PBXFileReference; lastKnownFileType = wrapper.framework; name = AVFoundation.framework; path = Platforms/iPhoneOS.platform/Developer/SDKs/iPhoneOS9.3.sdk/System/Library/Frameworks/AVFoundation.framework; sourceTree = DEVELOPER_DIR; };
		061ED5571E6BFEE2000DD216 /* Reachability.h */ = {isa = PBXFileReference; fileEncoding = 4; lastKnownFileType = sourcecode.c.h; path = Reachability.h; sourceTree = "<group>"; };
		061ED5581E6BFEE2000DD216 /* Reachability.mm */ = {isa = PBXFileReference; fileEncoding = 4; lastKnownFileType = sourcecode.cpp.objcpp; path = Reachability.mm; sourceTree = "<group>"; };
		061ED55A1E6BFEF7000DD216 /* WWNetworkManager.cpp */ = {isa = PBXFileReference; fileEncoding = 4; lastKnownFileType = sourcecode.cpp.cpp; path = WWNetworkManager.cpp; sourceTree = "<group>"; };
		061ED55B1E6BFEF7000DD216 /* WWNetworkManager.h */ = {isa = PBXFileReference; fileEncoding = 4; lastKnownFileType = sourcecode.c.h; path = WWNetworkManager.h; sourceTree = "<group>"; };
		061ED5611E6C07D0000DD216 /* Bolts.framework */ = {isa = PBXFileReference; lastKnownFileType = wrapper.framework; path = Bolts.framework; sourceTree = "<group>"; };
		061ED5621E6C07D0000DD216 /* FBAudienceNetwork.framework */ = {isa = PBXFileReference; lastKnownFileType = wrapper.framework; path = FBAudienceNetwork.framework; sourceTree = "<group>"; };
		061ED5631E6C07D0000DD216 /* FBSDKCoreKit.framework */ = {isa = PBXFileReference; lastKnownFileType = wrapper.framework; path = FBSDKCoreKit.framework; sourceTree = "<group>"; };
		061ED5641E6C07D0000DD216 /* FBSDKLoginKit.framework */ = {isa = PBXFileReference; lastKnownFileType = wrapper.framework; path = FBSDKLoginKit.framework; sourceTree = "<group>"; };
		061ED5651E6C07D0000DD216 /* FBSDKShareKit.framework */ = {isa = PBXFileReference; lastKnownFileType = wrapper.framework; path = FBSDKShareKit.framework; sourceTree = "<group>"; };
		061ED56B1E6C0835000DD216 /* CoreVideo.framework */ = {isa = PBXFileReference; lastKnownFileType = wrapper.framework; name = CoreVideo.framework; path = Platforms/iPhoneOS.platform/Developer/SDKs/iPhoneOS9.3.sdk/System/Library/Frameworks/CoreVideo.framework; sourceTree = DEVELOPER_DIR; };
		061ED56D1E6C086F000DD216 /* MediaPlayer.framework */ = {isa = PBXFileReference; lastKnownFileType = wrapper.framework; name = MediaPlayer.framework; path = Platforms/iPhoneOS.platform/Developer/SDKs/iPhoneOS9.3.sdk/System/Library/Frameworks/MediaPlayer.framework; sourceTree = DEVELOPER_DIR; };
		061ED56F1E6C0874000DD216 /* GameController.framework */ = {isa = PBXFileReference; lastKnownFileType = wrapper.framework; name = GameController.framework; path = Platforms/iPhoneOS.platform/Developer/SDKs/iPhoneOS9.3.sdk/System/Library/Frameworks/GameController.framework; sourceTree = DEVELOPER_DIR; };
		061ED5711E6C08AB000DD216 /* WWSocialFriendDetail.cpp */ = {isa = PBXFileReference; fileEncoding = 4; lastKnownFileType = sourcecode.cpp.cpp; path = WWSocialFriendDetail.cpp; sourceTree = "<group>"; };
		061ED5721E6C08AB000DD216 /* WWSocialFriendDetail.h */ = {isa = PBXFileReference; fileEncoding = 4; lastKnownFileType = sourcecode.c.h; path = WWSocialFriendDetail.h; sourceTree = "<group>"; };
		061ED5741E6C43E3000DD216 /* WWiOSInterface.h */ = {isa = PBXFileReference; fileEncoding = 4; lastKnownFileType = sourcecode.c.h; path = WWiOSInterface.h; sourceTree = "<group>"; };
		061ED5751E6C43EB000DD216 /* WWiOSInterface.mm */ = {isa = PBXFileReference; fileEncoding = 4; lastKnownFileType = sourcecode.cpp.objcpp; path = WWiOSInterface.mm; sourceTree = "<group>"; };
		061ED5771E6C44EC000DD216 /* WWSocialManager.cpp */ = {isa = PBXFileReference; fileEncoding = 4; lastKnownFileType = sourcecode.cpp.cpp; path = WWSocialManager.cpp; sourceTree = "<group>"; };
		061ED5781E6C44EC000DD216 /* WWSocialManager.h */ = {isa = PBXFileReference; fileEncoding = 4; lastKnownFileType = sourcecode.c.h; path = WWSocialManager.h; sourceTree = "<group>"; };
		064EE7661ECFFF7100FD9331 /* WWBattleScreen.cpp */ = {isa = PBXFileReference; fileEncoding = 4; lastKnownFileType = sourcecode.cpp.cpp; path = WWBattleScreen.cpp; sourceTree = "<group>"; };
		064EE7671ECFFF7100FD9331 /* WWBattleScreen.h */ = {isa = PBXFileReference; fileEncoding = 4; lastKnownFileType = sourcecode.c.h; path = WWBattleScreen.h; sourceTree = "<group>"; };
		0685C6801EB83B8800139015 /* WWMainMenuScreen.cpp */ = {isa = PBXFileReference; fileEncoding = 4; lastKnownFileType = sourcecode.cpp.cpp; path = WWMainMenuScreen.cpp; sourceTree = "<group>"; };
		0685C6811EB83B8800139015 /* WWMainMenuScreen.h */ = {isa = PBXFileReference; fileEncoding = 4; lastKnownFileType = sourcecode.c.h; path = WWMainMenuScreen.h; sourceTree = "<group>"; };
		0685C6831EB85B5800139015 /* WWMainMenuActiveList.cpp */ = {isa = PBXFileReference; fileEncoding = 4; lastKnownFileType = sourcecode.cpp.cpp; path = WWMainMenuActiveList.cpp; sourceTree = "<group>"; };
		0685C6841EB85B5900139015 /* WWMainMenuActiveList.h */ = {isa = PBXFileReference; fileEncoding = 4; lastKnownFileType = sourcecode.c.h; path = WWMainMenuActiveList.h; sourceTree = "<group>"; };
		068C5AB91F1A3B3B0033C4EF /* WWResultScreen.cpp */ = {isa = PBXFileReference; fileEncoding = 4; lastKnownFileType = sourcecode.cpp.cpp; path = WWResultScreen.cpp; sourceTree = "<group>"; };
		068C5ABA1F1A3B3B0033C4EF /* WWResultScreen.h */ = {isa = PBXFileReference; fileEncoding = 4; lastKnownFileType = sourcecode.c.h; path = WWResultScreen.h; sourceTree = "<group>"; };
		0698817B1F03A02700C5230C /* WWmainMenuPlayConfirmation.cpp */ = {isa = PBXFileReference; fileEncoding = 4; lastKnownFileType = sourcecode.cpp.cpp; path = WWmainMenuPlayConfirmation.cpp; sourceTree = "<group>"; };
		0698817C1F03A02700C5230C /* WWmainMenuPlayConfirmation.h */ = {isa = PBXFileReference; fileEncoding = 4; lastKnownFileType = sourcecode.c.h; path = WWmainMenuPlayConfirmation.h; sourceTree = "<group>"; };
		06A1FF531EB72591006A1FE7 /* WWSignupScreen.cpp */ = {isa = PBXFileReference; fileEncoding = 4; lastKnownFileType = sourcecode.cpp.cpp; path = WWSignupScreen.cpp; sourceTree = "<group>"; };
		06A1FF541EB72591006A1FE7 /* WWSignupScreen.h */ = {isa = PBXFileReference; fileEncoding = 4; lastKnownFileType = sourcecode.c.h; path = WWSignupScreen.h; sourceTree = "<group>"; };
		06A1FF571EB72F0A006A1FE7 /* WWForgotScreen.cpp */ = {isa = PBXFileReference; fileEncoding = 4; lastKnownFileType = sourcecode.cpp.cpp; path = WWForgotScreen.cpp; sourceTree = "<group>"; };
		06A1FF581EB72F0A006A1FE7 /* WWForgotScreen.h */ = {isa = PBXFileReference; fileEncoding = 4; lastKnownFileType = sourcecode.c.h; path = WWForgotScreen.h; sourceTree = "<group>"; };
		06BCE5C91EC0E13C0011C87A /* WWSettingPageLayer.cpp */ = {isa = PBXFileReference; fileEncoding = 4; lastKnownFileType = sourcecode.cpp.cpp; path = WWSettingPageLayer.cpp; sourceTree = "<group>"; };
		06BCE5CA1EC0E13C0011C87A /* WWSettingPageLayer.h */ = {isa = PBXFileReference; fileEncoding = 4; lastKnownFileType = sourcecode.c.h; path = WWSettingPageLayer.h; sourceTree = "<group>"; };
		06BDB13A1EF1A8350009446E /* WarOfWords-mobile.entitlements */ = {isa = PBXFileReference; lastKnownFileType = text.plist.entitlements; path = "WarOfWords-mobile.entitlements"; sourceTree = "<group>"; };
		06BDB13B1EF1A8420009446E /* StoreKit.framework */ = {isa = PBXFileReference; lastKnownFileType = wrapper.framework; name = StoreKit.framework; path = Platforms/iPhoneOS.platform/Developer/SDKs/iPhoneOS10.2.sdk/System/Library/Frameworks/StoreKit.framework; sourceTree = DEVELOPER_DIR; };
		06BFF47C1EF4C14F00012DF3 /* WWPlayerInfo.cpp */ = {isa = PBXFileReference; fileEncoding = 4; lastKnownFileType = sourcecode.cpp.cpp; path = WWPlayerInfo.cpp; sourceTree = "<group>"; };
		06BFF47D1EF4C14F00012DF3 /* WWPlayerInfo.h */ = {isa = PBXFileReference; fileEncoding = 4; lastKnownFileType = sourcecode.c.h; path = WWPlayerInfo.h; sourceTree = "<group>"; };
		06C983FE1E5AC38900B0660C /* WWObjectiveC.h */ = {isa = PBXFileReference; fileEncoding = 4; lastKnownFileType = sourcecode.c.h; path = WWObjectiveC.h; sourceTree = "<group>"; };
		06C983FF1E5AC38900B0660C /* WWObjectiveC.mm */ = {isa = PBXFileReference; fileEncoding = 4; lastKnownFileType = sourcecode.cpp.objcpp; path = WWObjectiveC.mm; sourceTree = "<group>"; };
		06C984001E5AC38900B0660C /* WWObjectiveCCalls.h */ = {isa = PBXFileReference; fileEncoding = 4; lastKnownFileType = sourcecode.c.h; path = WWObjectiveCCalls.h; sourceTree = "<group>"; };
		06C984011E5AC38900B0660C /* WWObjectiveCCalls.mm */ = {isa = PBXFileReference; fileEncoding = 4; lastKnownFileType = sourcecode.cpp.objcpp; path = WWObjectiveCCalls.mm; sourceTree = "<group>"; };
		06C984081E5AE32B00B0660C /* WWGameScene.cpp */ = {isa = PBXFileReference; fileEncoding = 4; lastKnownFileType = sourcecode.cpp.cpp; path = WWGameScene.cpp; sourceTree = "<group>"; };
		06C984091E5AE32B00B0660C /* WWGameScene.h */ = {isa = PBXFileReference; fileEncoding = 4; lastKnownFileType = sourcecode.c.h; path = WWGameScene.h; sourceTree = "<group>"; };
		06C9840B1E5B00B700B0660C /* WWAlphabetSprite.cpp */ = {isa = PBXFileReference; fileEncoding = 4; lastKnownFileType = sourcecode.cpp.cpp; path = WWAlphabetSprite.cpp; sourceTree = "<group>"; };
		06C9840C1E5B00B700B0660C /* WWAlphabetSprite.h */ = {isa = PBXFileReference; fileEncoding = 4; lastKnownFileType = sourcecode.c.h; path = WWAlphabetSprite.h; sourceTree = "<group>"; };
		06E685DC1E7B901A00833065 /* WWLoginScreen.cpp */ = {isa = PBXFileReference; fileEncoding = 4; lastKnownFileType = sourcecode.cpp.cpp; path = WWLoginScreen.cpp; sourceTree = "<group>"; };
		06E685DD1E7B901A00833065 /* WWLoginScreen.h */ = {isa = PBXFileReference; fileEncoding = 4; lastKnownFileType = sourcecode.c.h; path = WWLoginScreen.h; sourceTree = "<group>"; };
		06E7A6BD1E8F6500003125BD /* WWGameConstant.h */ = {isa = PBXFileReference; lastKnownFileType = sourcecode.c.h; path = WWGameConstant.h; sourceTree = "<group>"; };
		06E7A6C01E8F7BC0003125BD /* WWPowerUpSprite.cpp */ = {isa = PBXFileReference; fileEncoding = 4; lastKnownFileType = sourcecode.cpp.cpp; path = WWPowerUpSprite.cpp; sourceTree = "<group>"; };
		06E7A6C11E8F7BC1003125BD /* WWPowerUpSprite.h */ = {isa = PBXFileReference; fileEncoding = 4; lastKnownFileType = sourcecode.c.h; path = WWPowerUpSprite.h; sourceTree = "<group>"; };
		06ECB2F11EB6F79B004C6DB6 /* WWLandingScreen.cpp */ = {isa = PBXFileReference; fileEncoding = 4; lastKnownFileType = sourcecode.cpp.cpp; path = WWLandingScreen.cpp; sourceTree = "<group>"; };
		06ECB2F21EB6F79B004C6DB6 /* WWLandingScreen.h */ = {isa = PBXFileReference; fileEncoding = 4; lastKnownFileType = sourcecode.c.h; path = WWLandingScreen.h; sourceTree = "<group>"; };
		0E15E3F01E994CED00DF9A3B /* WWGameUtility.cpp */ = {isa = PBXFileReference; fileEncoding = 4; lastKnownFileType = sourcecode.cpp.cpp; path = WWGameUtility.cpp; sourceTree = "<group>"; };
		0E15E3F11E994CED00DF9A3B /* WWGameUtility.h */ = {isa = PBXFileReference; fileEncoding = 4; lastKnownFileType = sourcecode.c.h; path = WWGameUtility.h; sourceTree = "<group>"; };
		0EA9558E1F32C8E400432643 /* Fabric.framework */ = {isa = PBXFileReference; lastKnownFileType = wrapper.framework; path = Fabric.framework; sourceTree = "<group>"; };
		0EA9558F1F32C8E500432643 /* Crashlytics.framework */ = {isa = PBXFileReference; lastKnownFileType = wrapper.framework; path = Crashlytics.framework; sourceTree = "<group>"; };
		0EFE7B611EC365880068A527 /* WWDatamanager.cpp */ = {isa = PBXFileReference; fileEncoding = 4; lastKnownFileType = sourcecode.cpp.cpp; path = WWDatamanager.cpp; sourceTree = "<group>"; };
		0EFE7B621EC365880068A527 /* WWDatamanager.h */ = {isa = PBXFileReference; fileEncoding = 4; lastKnownFileType = sourcecode.c.h; path = WWDatamanager.h; sourceTree = "<group>"; };
		0EFE7B651EC371580068A527 /* WWCommonUtilty.cpp */ = {isa = PBXFileReference; fileEncoding = 4; lastKnownFileType = sourcecode.cpp.cpp; path = WWCommonUtilty.cpp; sourceTree = "<group>"; };
		0EFE7B661EC371580068A527 /* WWCommonUtilty.h */ = {isa = PBXFileReference; fileEncoding = 4; lastKnownFileType = sourcecode.c.h; path = WWCommonUtilty.h; sourceTree = "<group>"; };
		1AC6FAE5180E9839004C840B /* cocos2d_libs.xcodeproj */ = {isa = PBXFileReference; lastKnownFileType = "wrapper.pb-project"; name = cocos2d_libs.xcodeproj; path = ../cocos2d/build/cocos2d_libs.xcodeproj; sourceTree = "<group>"; };
		1ACB3243164770DE00914215 /* libcurl.a */ = {isa = PBXFileReference; lastKnownFileType = archive.ar; name = libcurl.a; path = ../../cocos2dx/platform/third_party/ios/libraries/libcurl.a; sourceTree = "<group>"; };
		1D30AB110D05D00D00671497 /* Foundation.framework */ = {isa = PBXFileReference; lastKnownFileType = wrapper.framework; name = Foundation.framework; path = System/Library/Frameworks/Foundation.framework; sourceTree = SDKROOT; };
		1D6058910D05DD3D006BFB54 /* WarOfWords-mobile.app */ = {isa = PBXFileReference; explicitFileType = wrapper.application; includeInIndex = 0; path = "WarOfWords-mobile.app"; sourceTree = BUILT_PRODUCTS_DIR; };
		1DF5F4DF0D08C38300B7A737 /* UIKit.framework */ = {isa = PBXFileReference; lastKnownFileType = wrapper.framework; name = UIKit.framework; path = System/Library/Frameworks/UIKit.framework; sourceTree = SDKROOT; };
		288765A40DF7441C002DB57D /* CoreGraphics.framework */ = {isa = PBXFileReference; lastKnownFileType = wrapper.framework; name = CoreGraphics.framework; path = System/Library/Frameworks/CoreGraphics.framework; sourceTree = SDKROOT; };
		294D0D631D0D56D500F7F5D4 /* CoreText.framework */ = {isa = PBXFileReference; lastKnownFileType = wrapper.framework; name = CoreText.framework; path = Platforms/iPhoneOS.platform/Developer/SDKs/iPhoneOS9.3.sdk/System/Library/Frameworks/CoreText.framework; sourceTree = DEVELOPER_DIR; };
		3EACC98E19EE6D4300EB3C5E /* res */ = {isa = PBXFileReference; lastKnownFileType = folder; path = res; sourceTree = "<group>"; };
		46880B8419C43A87006E1F66 /* AppDelegate.cpp */ = {isa = PBXFileReference; fileEncoding = 4; lastKnownFileType = sourcecode.cpp.cpp; path = AppDelegate.cpp; sourceTree = "<group>"; };
		46880B8519C43A87006E1F66 /* AppDelegate.h */ = {isa = PBXFileReference; fileEncoding = 4; lastKnownFileType = sourcecode.c.h; path = AppDelegate.h; sourceTree = "<group>"; };
		46880B8619C43A87006E1F66 /* HelloWorldScene.cpp */ = {isa = PBXFileReference; fileEncoding = 4; lastKnownFileType = sourcecode.cpp.cpp; path = HelloWorldScene.cpp; sourceTree = "<group>"; };
		46880B8719C43A87006E1F66 /* HelloWorldScene.h */ = {isa = PBXFileReference; fileEncoding = 4; lastKnownFileType = sourcecode.c.h; path = HelloWorldScene.h; sourceTree = "<group>"; };
		503AE0F617EB97AB00D1A890 /* Icon.icns */ = {isa = PBXFileReference; lastKnownFileType = image.icns; path = Icon.icns; sourceTree = "<group>"; };
		503AE0F717EB97AB00D1A890 /* Info.plist */ = {isa = PBXFileReference; fileEncoding = 4; lastKnownFileType = text.plist.xml; path = Info.plist; sourceTree = "<group>"; };
		503AE0FA17EB989F00D1A890 /* AppController.h */ = {isa = PBXFileReference; fileEncoding = 4; lastKnownFileType = sourcecode.c.h; name = AppController.h; path = ios/AppController.h; sourceTree = SOURCE_ROOT; };
		503AE0FB17EB989F00D1A890 /* AppController.mm */ = {isa = PBXFileReference; fileEncoding = 4; lastKnownFileType = sourcecode.cpp.objcpp; name = AppController.mm; path = ios/AppController.mm; sourceTree = SOURCE_ROOT; };
		503AE0FC17EB989F00D1A890 /* main.m */ = {isa = PBXFileReference; fileEncoding = 4; lastKnownFileType = sourcecode.c.objc; name = main.m; path = ios/main.m; sourceTree = SOURCE_ROOT; };
		503AE0FD17EB989F00D1A890 /* Prefix.pch */ = {isa = PBXFileReference; fileEncoding = 4; lastKnownFileType = sourcecode.c.h; name = Prefix.pch; path = ios/Prefix.pch; sourceTree = SOURCE_ROOT; };
		503AE0FE17EB989F00D1A890 /* RootViewController.h */ = {isa = PBXFileReference; fileEncoding = 4; lastKnownFileType = sourcecode.c.h; name = RootViewController.h; path = ios/RootViewController.h; sourceTree = SOURCE_ROOT; };
		503AE0FF17EB989F00D1A890 /* RootViewController.mm */ = {isa = PBXFileReference; fileEncoding = 4; lastKnownFileType = sourcecode.cpp.objcpp; name = RootViewController.mm; path = ios/RootViewController.mm; sourceTree = SOURCE_ROOT; };
		503AE10317EB98FF00D1A890 /* main.cpp */ = {isa = PBXFileReference; fileEncoding = 4; lastKnownFileType = sourcecode.cpp.cpp; name = main.cpp; path = mac/main.cpp; sourceTree = "<group>"; };
		503AE10417EB98FF00D1A890 /* Prefix.pch */ = {isa = PBXFileReference; fileEncoding = 4; lastKnownFileType = sourcecode.c.h; name = Prefix.pch; path = mac/Prefix.pch; sourceTree = "<group>"; };
		503AE11117EB99EE00D1A890 /* libcurl.dylib */ = {isa = PBXFileReference; lastKnownFileType = "compiled.mach-o.dylib"; name = libcurl.dylib; path = usr/lib/libcurl.dylib; sourceTree = SDKROOT; };
		503AE11A17EB9C5A00D1A890 /* IOKit.framework */ = {isa = PBXFileReference; lastKnownFileType = wrapper.framework; name = IOKit.framework; path = System/Library/Frameworks/IOKit.framework; sourceTree = SDKROOT; };
		5087E76F17EB910900C73F5D /* WarOfWords-desktop.app */ = {isa = PBXFileReference; explicitFileType = wrapper.application; includeInIndex = 0; path = "WarOfWords-desktop.app"; sourceTree = BUILT_PRODUCTS_DIR; };
		5087E77217EB970100C73F5D /* Default-568h@2x.png */ = {isa = PBXFileReference; lastKnownFileType = image.png; path = "Default-568h@2x.png"; sourceTree = "<group>"; };
		5087E77317EB970100C73F5D /* Default.png */ = {isa = PBXFileReference; lastKnownFileType = image.png; path = Default.png; sourceTree = "<group>"; };
		5087E77417EB970100C73F5D /* Default@2x.png */ = {isa = PBXFileReference; lastKnownFileType = image.png; path = "Default@2x.png"; sourceTree = "<group>"; };
		5087E77517EB970100C73F5D /* Icon-114.png */ = {isa = PBXFileReference; lastKnownFileType = image.png; path = "Icon-114.png"; sourceTree = "<group>"; };
		5087E77617EB970100C73F5D /* Icon-120.png */ = {isa = PBXFileReference; lastKnownFileType = image.png; path = "Icon-120.png"; sourceTree = "<group>"; };
		5087E77717EB970100C73F5D /* Icon-144.png */ = {isa = PBXFileReference; lastKnownFileType = image.png; path = "Icon-144.png"; sourceTree = "<group>"; };
		5087E77817EB970100C73F5D /* Icon-152.png */ = {isa = PBXFileReference; lastKnownFileType = image.png; path = "Icon-152.png"; sourceTree = "<group>"; };
		5087E77917EB970100C73F5D /* Icon-57.png */ = {isa = PBXFileReference; lastKnownFileType = image.png; path = "Icon-57.png"; sourceTree = "<group>"; };
		5087E77A17EB970100C73F5D /* Icon-72.png */ = {isa = PBXFileReference; lastKnownFileType = image.png; path = "Icon-72.png"; sourceTree = "<group>"; };
		5087E77B17EB970100C73F5D /* Icon-76.png */ = {isa = PBXFileReference; lastKnownFileType = image.png; path = "Icon-76.png"; sourceTree = "<group>"; };
		5087E77C17EB970100C73F5D /* Info.plist */ = {isa = PBXFileReference; fileEncoding = 4; lastKnownFileType = text.plist.xml; path = Info.plist; sourceTree = "<group>"; };
		5087E78817EB974C00C73F5D /* AppKit.framework */ = {isa = PBXFileReference; lastKnownFileType = wrapper.framework; name = AppKit.framework; path = System/Library/Frameworks/AppKit.framework; sourceTree = SDKROOT; };
		5087E78A17EB975400C73F5D /* OpenGL.framework */ = {isa = PBXFileReference; lastKnownFileType = wrapper.framework; name = OpenGL.framework; path = System/Library/Frameworks/OpenGL.framework; sourceTree = SDKROOT; };
		50EF629217ECD46A001EB2F8 /* Icon-40.png */ = {isa = PBXFileReference; lastKnownFileType = image.png; path = "Icon-40.png"; sourceTree = "<group>"; };
		50EF629317ECD46A001EB2F8 /* Icon-58.png */ = {isa = PBXFileReference; lastKnownFileType = image.png; path = "Icon-58.png"; sourceTree = "<group>"; };
		50EF629417ECD46A001EB2F8 /* Icon-80.png */ = {isa = PBXFileReference; lastKnownFileType = image.png; path = "Icon-80.png"; sourceTree = "<group>"; };
		50EF629517ECD46A001EB2F8 /* Icon-100.png */ = {isa = PBXFileReference; lastKnownFileType = image.png; path = "Icon-100.png"; sourceTree = "<group>"; };
		50EF62A017ECD613001EB2F8 /* Icon-29.png */ = {isa = PBXFileReference; lastKnownFileType = image.png; path = "Icon-29.png"; sourceTree = "<group>"; };
		50EF62A117ECD613001EB2F8 /* Icon-50.png */ = {isa = PBXFileReference; lastKnownFileType = image.png; path = "Icon-50.png"; sourceTree = "<group>"; };
		521A8E6219F0C34300D177D7 /* Default-667h@2x.png */ = {isa = PBXFileReference; lastKnownFileType = image.png; path = "Default-667h@2x.png"; sourceTree = "<group>"; };
		521A8E6319F0C34300D177D7 /* Default-736h@3x.png */ = {isa = PBXFileReference; lastKnownFileType = image.png; path = "Default-736h@3x.png"; sourceTree = "<group>"; };
		521A8EA819F11F5000D177D7 /* fonts */ = {isa = PBXFileReference; lastKnownFileType = folder; path = fonts; sourceTree = "<group>"; };
		52B47A461A53D09B004E4C60 /* Security.framework */ = {isa = PBXFileReference; lastKnownFileType = wrapper.framework; name = Security.framework; path = Platforms/iPhoneOS.platform/Developer/SDKs/iPhoneOS8.1.sdk/System/Library/Frameworks/Security.framework; sourceTree = DEVELOPER_DIR; };
		8262943D1AAF051F00CB7CF7 /* Security.framework */ = {isa = PBXFileReference; lastKnownFileType = wrapper.framework; name = Security.framework; path = System/Library/Frameworks/Security.framework; sourceTree = SDKROOT; };
		BF170DB012928DE900B8313A /* OpenGLES.framework */ = {isa = PBXFileReference; lastKnownFileType = wrapper.framework; name = OpenGLES.framework; path = System/Library/Frameworks/OpenGLES.framework; sourceTree = SDKROOT; };
		BF170DB412928DE900B8313A /* libz.dylib */ = {isa = PBXFileReference; lastKnownFileType = "compiled.mach-o.dylib"; name = libz.dylib; path = usr/lib/libz.dylib; sourceTree = SDKROOT; };
		BF1C47EA1293683800B63C5D /* QuartzCore.framework */ = {isa = PBXFileReference; lastKnownFileType = wrapper.framework; name = QuartzCore.framework; path = System/Library/Frameworks/QuartzCore.framework; sourceTree = SDKROOT; };
		D44C620B132DFF330009C878 /* OpenAL.framework */ = {isa = PBXFileReference; lastKnownFileType = wrapper.framework; name = OpenAL.framework; path = System/Library/Frameworks/OpenAL.framework; sourceTree = SDKROOT; };
		D44C620D132DFF430009C878 /* AVFoundation.framework */ = {isa = PBXFileReference; lastKnownFileType = wrapper.framework; name = AVFoundation.framework; path = System/Library/Frameworks/AVFoundation.framework; sourceTree = SDKROOT; };
		D44C620F132DFF4E0009C878 /* AudioToolbox.framework */ = {isa = PBXFileReference; lastKnownFileType = wrapper.framework; name = AudioToolbox.framework; path = System/Library/Frameworks/AudioToolbox.framework; sourceTree = SDKROOT; };
		D6B0611A1803AB670077942B /* CoreMotion.framework */ = {isa = PBXFileReference; lastKnownFileType = wrapper.framework; name = CoreMotion.framework; path = Platforms/iPhoneOS.platform/Developer/SDKs/iPhoneOS7.0.sdk/System/Library/Frameworks/CoreMotion.framework; sourceTree = DEVELOPER_DIR; };
		ED545A7B1B68A1F400C3958E /* libiconv.dylib */ = {isa = PBXFileReference; lastKnownFileType = "compiled.mach-o.dylib"; name = libiconv.dylib; path = Platforms/iPhoneOS.platform/Developer/SDKs/iPhoneOS8.4.sdk/usr/lib/libiconv.dylib; sourceTree = DEVELOPER_DIR; };
		ED545A7D1B68A1FA00C3958E /* libiconv.dylib */ = {isa = PBXFileReference; lastKnownFileType = "compiled.mach-o.dylib"; name = libiconv.dylib; path = usr/lib/libiconv.dylib; sourceTree = SDKROOT; };
/* End PBXFileReference section */

/* Begin PBXFrameworksBuildPhase section */
		1D60588F0D05DD3D006BFB54 /* Frameworks */ = {
			isa = PBXFrameworksBuildPhase;
			buildActionMask = 2147483647;
			files = (
				061ED5701E6C0874000DD216 /* GameController.framework in Frameworks */,
				061ED56E1E6C086F000DD216 /* MediaPlayer.framework in Frameworks */,
				061ED56C1E6C0835000DD216 /* CoreVideo.framework in Frameworks */,
				061ED5521E6BF7A3000DD216 /* AVFoundation.framework in Frameworks */,
				0EA955901F32C8E500432643 /* Fabric.framework in Frameworks */,
				061ED5501E6BF79B000DD216 /* SystemConfiguration.framework in Frameworks */,
				061ED54E1E6BF78C000DD216 /* libsqlite3.tbd in Frameworks */,
				061ED54C1E6BF782000DD216 /* CoreTelephony.framework in Frameworks */,
				061ED54A1E6BF77D000DD216 /* CoreMotion.framework in Frameworks */,
				061ED5481E6BF777000DD216 /* CoreMedia.framework in Frameworks */,
				061ED5461E6BF771000DD216 /* CoreLocation.framework in Frameworks */,
				061ED5441E6BF76A000DD216 /* CoreBluetooth.framework in Frameworks */,
				061ED5421E6BF763000DD216 /* libz.tbd in Frameworks */,
				061ED5401E6BF75A000DD216 /* MessageUI.framework in Frameworks */,
				061ED53E1E6BF755000DD216 /* Accelerate.framework in Frameworks */,
				061ED53C1E6BF74F000DD216 /* SafariServices.framework in Frameworks */,
				061ED53A1E6BF74A000DD216 /* WebKit.framework in Frameworks */,
				061ED5381E6BF743000DD216 /* libxml2.tbd in Frameworks */,
				061ED5361E6BF73B000DD216 /* libc++.tbd in Frameworks */,
				061ED5661E6C07D0000DD216 /* Bolts.framework in Frameworks */,
				061ED5341E6BF731000DD216 /* Social.framework in Frameworks */,
				061ED5321E6BF71A000DD216 /* CFNetwork.framework in Frameworks */,
				061ED5671E6C07D0000DD216 /* FBAudienceNetwork.framework in Frameworks */,
				061ED5681E6C07D0000DD216 /* FBSDKCoreKit.framework in Frameworks */,
				294D0D641D0D56D500F7F5D4 /* CoreText.framework in Frameworks */,
				ED545A7C1B68A1F400C3958E /* libiconv.dylib in Frameworks */,
				52B47A471A53D09C004E4C60 /* Security.framework in Frameworks */,
				1AC6FB30180E99EB004C840B /* libcocos2d iOS.a in Frameworks */,
				06BDB13C1EF1A8420009446E /* StoreKit.framework in Frameworks */,
				D6B0611B1803AB670077942B /* CoreMotion.framework in Frameworks */,
				1D60589F0D05DD5A006BFB54 /* Foundation.framework in Frameworks */,
				1DF5F4E00D08C38300B7A737 /* UIKit.framework in Frameworks */,
				288765A50DF7441C002DB57D /* CoreGraphics.framework in Frameworks */,
				BF171245129291EC00B8313A /* OpenGLES.framework in Frameworks */,
				0EA955911F32C8E500432643 /* Crashlytics.framework in Frameworks */,
				BF1712471292920000B8313A /* libz.dylib in Frameworks */,
				BF1C47F01293687400B63C5D /* QuartzCore.framework in Frameworks */,
				D44C620C132DFF330009C878 /* OpenAL.framework in Frameworks */,
				061ED56A1E6C07D0000DD216 /* FBSDKShareKit.framework in Frameworks */,
				061ED5691E6C07D0000DD216 /* FBSDKLoginKit.framework in Frameworks */,
				D44C620E132DFF430009C878 /* AVFoundation.framework in Frameworks */,
				D44C6210132DFF4E0009C878 /* AudioToolbox.framework in Frameworks */,
			);
			runOnlyForDeploymentPostprocessing = 0;
		};
		5087E75C17EB910900C73F5D /* Frameworks */ = {
			isa = PBXFrameworksBuildPhase;
			buildActionMask = 2147483647;
			files = (
				ED545A7E1B68A1FA00C3958E /* libiconv.dylib in Frameworks */,
				1AC6FB21180E996B004C840B /* libcocos2d Mac.a in Frameworks */,
				5087E76717EB910900C73F5D /* libz.dylib in Frameworks */,
				8262943E1AAF051F00CB7CF7 /* Security.framework in Frameworks */,
				503AE11B17EB9C5A00D1A890 /* IOKit.framework in Frameworks */,
				5087E78B17EB975400C73F5D /* OpenGL.framework in Frameworks */,
				5087E78917EB974C00C73F5D /* AppKit.framework in Frameworks */,
				5087E76317EB910900C73F5D /* Foundation.framework in Frameworks */,
				5087E76817EB910900C73F5D /* QuartzCore.framework in Frameworks */,
				5087E76917EB910900C73F5D /* OpenAL.framework in Frameworks */,
				5087E76A17EB910900C73F5D /* AVFoundation.framework in Frameworks */,
				5087E76B17EB910900C73F5D /* AudioToolbox.framework in Frameworks */,
			);
			runOnlyForDeploymentPostprocessing = 0;
		};
/* End PBXFrameworksBuildPhase section */

/* Begin PBXGroup section */
		061ED5181E6BF635000DD216 /* Facebook */ = {
			isa = PBXGroup;
			children = (
				061ED5771E6C44EC000DD216 /* WWSocialManager.cpp */,
				061ED5781E6C44EC000DD216 /* WWSocialManager.h */,
				061ED5191E6BF635000DD216 /* HelperClass */,
				061ED51C1E6BF635000DD216 /* iOS */,
				061ED5211E6BF635000DD216 /* NetworkManager */,
			);
			path = Facebook;
			sourceTree = "<group>";
		};
		061ED5191E6BF635000DD216 /* HelperClass */ = {
			isa = PBXGroup;
			children = (
				061ED5711E6C08AB000DD216 /* WWSocialFriendDetail.cpp */,
				061ED5721E6C08AB000DD216 /* WWSocialFriendDetail.h */,
			);
			path = HelperClass;
			sourceTree = "<group>";
		};
		061ED51C1E6BF635000DD216 /* iOS */ = {
			isa = PBXGroup;
			children = (
				061ED5751E6C43EB000DD216 /* WWiOSInterface.mm */,
				061ED5741E6C43E3000DD216 /* WWiOSInterface.h */,
				061ED51D1E6BF635000DD216 /* WWFacebookShare.h */,
				061ED51E1E6BF635000DD216 /* WWFacebookShare.mm */,
			);
			path = iOS;
			sourceTree = "<group>";
		};
		061ED5211E6BF635000DD216 /* NetworkManager */ = {
			isa = PBXGroup;
			children = (
				061ED55A1E6BFEF7000DD216 /* WWNetworkManager.cpp */,
				061ED55B1E6BFEF7000DD216 /* WWNetworkManager.h */,
				061ED5221E6BF635000DD216 /* IOS */,
			);
			path = NetworkManager;
			sourceTree = "<group>";
		};
		061ED5221E6BF635000DD216 /* IOS */ = {
			isa = PBXGroup;
			children = (
				061ED5571E6BFEE2000DD216 /* Reachability.h */,
				061ED5581E6BFEE2000DD216 /* Reachability.mm */,
			);
			path = IOS;
			sourceTree = "<group>";
		};
		061ED5601E6C07D0000DD216 /* Facebook */ = {
			isa = PBXGroup;
			children = (
				061ED5611E6C07D0000DD216 /* Bolts.framework */,
				061ED5621E6C07D0000DD216 /* FBAudienceNetwork.framework */,
				061ED5631E6C07D0000DD216 /* FBSDKCoreKit.framework */,
				061ED5641E6C07D0000DD216 /* FBSDKLoginKit.framework */,
				061ED5651E6C07D0000DD216 /* FBSDKShareKit.framework */,
			);
			path = Facebook;
			sourceTree = "<group>";
		};
		064EE7641ECFFF4000FD9331 /* WWBattleScreen */ = {
			isa = PBXGroup;
			children = (
				064EE7661ECFFF7100FD9331 /* WWBattleScreen.cpp */,
				064EE7671ECFFF7100FD9331 /* WWBattleScreen.h */,
			);
			path = WWBattleScreen;
			sourceTree = "<group>";
		};
		0685C67E1EB83B1800139015 /* WWMainMenu */ = {
			isa = PBXGroup;
			children = (
				0685C6801EB83B8800139015 /* WWMainMenuScreen.cpp */,
				0685C6811EB83B8800139015 /* WWMainMenuScreen.h */,
				0685C6831EB85B5800139015 /* WWMainMenuActiveList.cpp */,
				0685C6841EB85B5900139015 /* WWMainMenuActiveList.h */,
				0698817B1F03A02700C5230C /* WWmainMenuPlayConfirmation.cpp */,
				0698817C1F03A02700C5230C /* WWmainMenuPlayConfirmation.h */,
			);
			path = WWMainMenu;
			sourceTree = "<group>";
		};
		068C5AB71F1A3B290033C4EF /* WWResultScreen */ = {
			isa = PBXGroup;
			children = (
				068C5AB91F1A3B3B0033C4EF /* WWResultScreen.cpp */,
				068C5ABA1F1A3B3B0033C4EF /* WWResultScreen.h */,
			);
			path = WWResultScreen;
			sourceTree = "<group>";
		};
		06A1FF511EB7255D006A1FE7 /* WWSignUpScreen */ = {
			isa = PBXGroup;
			children = (
				06A1FF531EB72591006A1FE7 /* WWSignupScreen.cpp */,
				06A1FF541EB72591006A1FE7 /* WWSignupScreen.h */,
			);
			path = WWSignUpScreen;
			sourceTree = "<group>";
		};
		06A1FF561EB72EF5006A1FE7 /* WWForgotScreen */ = {
			isa = PBXGroup;
			children = (
				06A1FF571EB72F0A006A1FE7 /* WWForgotScreen.cpp */,
				06A1FF581EB72F0A006A1FE7 /* WWForgotScreen.h */,
			);
			path = WWForgotScreen;
			sourceTree = "<group>";
		};
		06BCE5C71EC0E0B50011C87A /* WWSettingPage */ = {
			isa = PBXGroup;
			children = (
				06BCE5C91EC0E13C0011C87A /* WWSettingPageLayer.cpp */,
				06BCE5CA1EC0E13C0011C87A /* WWSettingPageLayer.h */,
			);
			path = WWSettingPage;
			sourceTree = "<group>";
		};
		06BFF47A1EF4C12A00012DF3 /* WWPlayerInfo */ = {
			isa = PBXGroup;
			children = (
				06BFF47C1EF4C14F00012DF3 /* WWPlayerInfo.cpp */,
				06BFF47D1EF4C14F00012DF3 /* WWPlayerInfo.h */,
			);
			path = WWPlayerInfo;
			sourceTree = "<group>";
		};
		06C983FD1E5AC38900B0660C /* WWObjectiveCWrapper */ = {
			isa = PBXGroup;
			children = (
				06C983FE1E5AC38900B0660C /* WWObjectiveC.h */,
				06C983FF1E5AC38900B0660C /* WWObjectiveC.mm */,
				06C984001E5AC38900B0660C /* WWObjectiveCCalls.h */,
				06C984011E5AC38900B0660C /* WWObjectiveCCalls.mm */,
			);
			path = WWObjectiveCWrapper;
			sourceTree = "<group>";
		};
		06C984071E5AE30E00B0660C /* WWGamePlay */ = {
			isa = PBXGroup;
			children = (
				06C984081E5AE32B00B0660C /* WWGameScene.cpp */,
				06C984091E5AE32B00B0660C /* WWGameScene.h */,
				06C9840B1E5B00B700B0660C /* WWAlphabetSprite.cpp */,
				06C9840C1E5B00B700B0660C /* WWAlphabetSprite.h */,
				06E7A6C01E8F7BC0003125BD /* WWPowerUpSprite.cpp */,
				06E7A6C11E8F7BC1003125BD /* WWPowerUpSprite.h */,
			);
			path = WWGamePlay;
			sourceTree = "<group>";
		};
		06E685D61E7B8CB900833065 /* WWLoginScreen */ = {
			isa = PBXGroup;
			children = (
				06E685DC1E7B901A00833065 /* WWLoginScreen.cpp */,
				06E685DD1E7B901A00833065 /* WWLoginScreen.h */,
			);
			path = WWLoginScreen;
			sourceTree = "<group>";
		};
		06E7A6BB1E8F64E5003125BD /* WWGameConstant */ = {
			isa = PBXGroup;
			children = (
				06E7A6BD1E8F6500003125BD /* WWGameConstant.h */,
			);
			path = WWGameConstant;
			sourceTree = "<group>";
		};
		06ECB2EF1EB6F774004C6DB6 /* WWLandingScreen */ = {
			isa = PBXGroup;
			children = (
				06ECB2F11EB6F79B004C6DB6 /* WWLandingScreen.cpp */,
				06ECB2F21EB6F79B004C6DB6 /* WWLandingScreen.h */,
			);
			path = WWLandingScreen;
			sourceTree = "<group>";
		};
		080E96DDFE201D6D7F000001 /* ios */ = {
			isa = PBXGroup;
			children = (
				5087E77117EB970100C73F5D /* Icons */,
				503AE0FA17EB989F00D1A890 /* AppController.h */,
				503AE0FB17EB989F00D1A890 /* AppController.mm */,
				503AE0FC17EB989F00D1A890 /* main.m */,
				503AE0FD17EB989F00D1A890 /* Prefix.pch */,
				503AE0FE17EB989F00D1A890 /* RootViewController.h */,
				503AE0FF17EB989F00D1A890 /* RootViewController.mm */,
			);
			name = ios;
			path = Classes;
			sourceTree = "<group>";
		};
		0E15E3EF1E994CAF00DF9A3B /* WWGameUtility */ = {
			isa = PBXGroup;
			children = (
				0E15E3F01E994CED00DF9A3B /* WWGameUtility.cpp */,
				0E15E3F11E994CED00DF9A3B /* WWGameUtility.h */,
			);
			path = WWGameUtility;
			sourceTree = "<group>";
		};
		0EFE7B5F1EC365650068A527 /* WWDatamanager */ = {
			isa = PBXGroup;
			children = (
				0EFE7B611EC365880068A527 /* WWDatamanager.cpp */,
				0EFE7B621EC365880068A527 /* WWDatamanager.h */,
			);
			path = WWDatamanager;
			sourceTree = "<group>";
		};
		0EFE7B641EC3713F0068A527 /* WWCommonUtilty */ = {
			isa = PBXGroup;
			children = (
				0EFE7B651EC371580068A527 /* WWCommonUtilty.cpp */,
				0EFE7B661EC371580068A527 /* WWCommonUtilty.h */,
			);
			path = WWCommonUtilty;
			sourceTree = "<group>";
		};
		19C28FACFE9D520D11CA2CBB /* Products */ = {
			isa = PBXGroup;
			children = (
				1D6058910D05DD3D006BFB54 /* WarOfWords-mobile.app */,
				5087E76F17EB910900C73F5D /* WarOfWords-desktop.app */,
			);
			name = Products;
			sourceTree = "<group>";
		};
		1AC6FAE6180E9839004C840B /* Products */ = {
			isa = PBXGroup;
			children = (
				1AC6FAF9180E9839004C840B /* libcocos2d Mac.a */,
				1AC6FB07180E9839004C840B /* libcocos2d iOS.a */,
				064C63D91E5A9E6F00822AC7 /* libcocos2d tvOS.a */,
			);
			name = Products;
			sourceTree = "<group>";
		};
		29B97314FDCFA39411CA2CEA /* CustomTemplate */ = {
			isa = PBXGroup;
			children = (
				0EA9558E1F32C8E400432643 /* Fabric.framework */,
				0EA9558F1F32C8E500432643 /* Crashlytics.framework */,
				06BDB13A1EF1A8350009446E /* WarOfWords-mobile.entitlements */,
				46880B8319C43A87006E1F66 /* Classes */,
				46880B7519C43A67006E1F66 /* Resources */,
				1AC6FAE5180E9839004C840B /* cocos2d_libs.xcodeproj */,
				29B97323FDCFA39411CA2CEA /* Frameworks */,
				080E96DDFE201D6D7F000001 /* ios */,
				503AE10617EB990700D1A890 /* mac */,
				19C28FACFE9D520D11CA2CBB /* Products */,
			);
			name = CustomTemplate;
			sourceTree = "<group>";
		};
		29B97323FDCFA39411CA2CEA /* Frameworks */ = {
			isa = PBXGroup;
			children = (
				06BDB13B1EF1A8420009446E /* StoreKit.framework */,
				061ED56F1E6C0874000DD216 /* GameController.framework */,
				061ED56D1E6C086F000DD216 /* MediaPlayer.framework */,
				061ED56B1E6C0835000DD216 /* CoreVideo.framework */,
				061ED5601E6C07D0000DD216 /* Facebook */,
				061ED5511E6BF7A3000DD216 /* AVFoundation.framework */,
				061ED54F1E6BF79B000DD216 /* SystemConfiguration.framework */,
				061ED54D1E6BF78C000DD216 /* libsqlite3.tbd */,
				061ED54B1E6BF782000DD216 /* CoreTelephony.framework */,
				061ED5491E6BF77D000DD216 /* CoreMotion.framework */,
				061ED5471E6BF777000DD216 /* CoreMedia.framework */,
				061ED5451E6BF771000DD216 /* CoreLocation.framework */,
				061ED5431E6BF76A000DD216 /* CoreBluetooth.framework */,
				061ED5411E6BF763000DD216 /* libz.tbd */,
				061ED53F1E6BF75A000DD216 /* MessageUI.framework */,
				061ED53D1E6BF755000DD216 /* Accelerate.framework */,
				061ED53B1E6BF74F000DD216 /* SafariServices.framework */,
				061ED5391E6BF74A000DD216 /* WebKit.framework */,
				061ED5371E6BF743000DD216 /* libxml2.tbd */,
				061ED5351E6BF73B000DD216 /* libc++.tbd */,
				061ED5331E6BF731000DD216 /* Social.framework */,
				061ED5311E6BF71A000DD216 /* CFNetwork.framework */,
				294D0D631D0D56D500F7F5D4 /* CoreText.framework */,
				ED545A7D1B68A1FA00C3958E /* libiconv.dylib */,
				ED545A7B1B68A1F400C3958E /* libiconv.dylib */,
				8262943D1AAF051F00CB7CF7 /* Security.framework */,
				52B47A461A53D09B004E4C60 /* Security.framework */,
				D6B0611A1803AB670077942B /* CoreMotion.framework */,
				503AE11A17EB9C5A00D1A890 /* IOKit.framework */,
				503AE11117EB99EE00D1A890 /* libcurl.dylib */,
				5087E78A17EB975400C73F5D /* OpenGL.framework */,
				5087E78817EB974C00C73F5D /* AppKit.framework */,
				1ACB3243164770DE00914215 /* libcurl.a */,
				BF170DB412928DE900B8313A /* libz.dylib */,
				D44C620F132DFF4E0009C878 /* AudioToolbox.framework */,
				D44C620D132DFF430009C878 /* AVFoundation.framework */,
				288765A40DF7441C002DB57D /* CoreGraphics.framework */,
				1D30AB110D05D00D00671497 /* Foundation.framework */,
				D44C620B132DFF330009C878 /* OpenAL.framework */,
				BF170DB012928DE900B8313A /* OpenGLES.framework */,
				BF1C47EA1293683800B63C5D /* QuartzCore.framework */,
				1DF5F4DF0D08C38300B7A737 /* UIKit.framework */,
			);
			name = Frameworks;
			sourceTree = "<group>";
		};
		46880B7519C43A67006E1F66 /* Resources */ = {
			isa = PBXGroup;
			children = (
				521A8EA819F11F5000D177D7 /* fonts */,
				3EACC98E19EE6D4300EB3C5E /* res */,
			);
			name = Resources;
			path = ../Resources;
			sourceTree = "<group>";
		};
		46880B8319C43A87006E1F66 /* Classes */ = {
			isa = PBXGroup;
			children = (
				068C5AB71F1A3B290033C4EF /* WWResultScreen */,
				064EE7641ECFFF4000FD9331 /* WWBattleScreen */,
				0EFE7B641EC3713F0068A527 /* WWCommonUtilty */,
				0EFE7B5F1EC365650068A527 /* WWDatamanager */,
				06BCE5C71EC0E0B50011C87A /* WWSettingPage */,
				0685C67E1EB83B1800139015 /* WWMainMenu */,
				06A1FF561EB72EF5006A1FE7 /* WWForgotScreen */,
				06A1FF511EB7255D006A1FE7 /* WWSignUpScreen */,
				06ECB2EF1EB6F774004C6DB6 /* WWLandingScreen */,
				0E15E3EF1E994CAF00DF9A3B /* WWGameUtility */,
				06E7A6BB1E8F64E5003125BD /* WWGameConstant */,
				06BFF47A1EF4C12A00012DF3 /* WWPlayerInfo */,
				061ED5181E6BF635000DD216 /* Facebook */,
				06C983FD1E5AC38900B0660C /* WWObjectiveCWrapper */,
				46880B8419C43A87006E1F66 /* AppDelegate.cpp */,
				46880B8519C43A87006E1F66 /* AppDelegate.h */,
				46880B8619C43A87006E1F66 /* HelloWorldScene.cpp */,
				46880B8719C43A87006E1F66 /* HelloWorldScene.h */,
				06E685D61E7B8CB900833065 /* WWLoginScreen */,
				06C984071E5AE30E00B0660C /* WWGamePlay */,
			);
			name = Classes;
			path = ../Classes;
			sourceTree = "<group>";
		};
		503AE0F517EB97AB00D1A890 /* Icons */ = {
			isa = PBXGroup;
			children = (
				503AE0F617EB97AB00D1A890 /* Icon.icns */,
				503AE0F717EB97AB00D1A890 /* Info.plist */,
			);
			name = Icons;
			path = mac;
			sourceTree = SOURCE_ROOT;
		};
		503AE10617EB990700D1A890 /* mac */ = {
			isa = PBXGroup;
			children = (
				503AE0F517EB97AB00D1A890 /* Icons */,
				503AE10317EB98FF00D1A890 /* main.cpp */,
				503AE10417EB98FF00D1A890 /* Prefix.pch */,
			);
			name = mac;
			sourceTree = "<group>";
		};
		5087E77117EB970100C73F5D /* Icons */ = {
			isa = PBXGroup;
			children = (
				521A8E6219F0C34300D177D7 /* Default-667h@2x.png */,
				521A8E6319F0C34300D177D7 /* Default-736h@3x.png */,
				5087E77217EB970100C73F5D /* Default-568h@2x.png */,
				5087E77317EB970100C73F5D /* Default.png */,
				5087E77417EB970100C73F5D /* Default@2x.png */,
				50EF62A017ECD613001EB2F8 /* Icon-29.png */,
				50EF62A117ECD613001EB2F8 /* Icon-50.png */,
				50EF629217ECD46A001EB2F8 /* Icon-40.png */,
				50EF629317ECD46A001EB2F8 /* Icon-58.png */,
				50EF629417ECD46A001EB2F8 /* Icon-80.png */,
				50EF629517ECD46A001EB2F8 /* Icon-100.png */,
				5087E77517EB970100C73F5D /* Icon-114.png */,
				5087E77617EB970100C73F5D /* Icon-120.png */,
				5087E77717EB970100C73F5D /* Icon-144.png */,
				5087E77817EB970100C73F5D /* Icon-152.png */,
				5087E77917EB970100C73F5D /* Icon-57.png */,
				5087E77A17EB970100C73F5D /* Icon-72.png */,
				5087E77B17EB970100C73F5D /* Icon-76.png */,
				5087E77C17EB970100C73F5D /* Info.plist */,
			);
			name = Icons;
			path = ios;
			sourceTree = SOURCE_ROOT;
		};
/* End PBXGroup section */

/* Begin PBXNativeTarget section */
		1D6058900D05DD3D006BFB54 /* WarOfWords-mobile */ = {
			isa = PBXNativeTarget;
			buildConfigurationList = 1D6058960D05DD3E006BFB54 /* Build configuration list for PBXNativeTarget "WarOfWords-mobile" */;
			buildPhases = (
				1D60588D0D05DD3D006BFB54 /* Resources */,
				1D60588E0D05DD3D006BFB54 /* Sources */,
				1D60588F0D05DD3D006BFB54 /* Frameworks */,
				0EA9558C1F32C6B600432643 /* ShellScript */,
			);
			buildRules = (
			);
			dependencies = (
				1AC6FB25180E99E1004C840B /* PBXTargetDependency */,
			);
			name = "WarOfWords-mobile";
			productName = iphone;
			productReference = 1D6058910D05DD3D006BFB54 /* WarOfWords-mobile.app */;
			productType = "com.apple.product-type.application";
		};
		5087E73D17EB910900C73F5D /* WarOfWords-desktop */ = {
			isa = PBXNativeTarget;
			buildConfigurationList = 5087E76C17EB910900C73F5D /* Build configuration list for PBXNativeTarget "WarOfWords-desktop" */;
			buildPhases = (
				5087E74817EB910900C73F5D /* Resources */,
				5087E75617EB910900C73F5D /* Sources */,
				5087E75C17EB910900C73F5D /* Frameworks */,
			);
			buildRules = (
			);
			dependencies = (
				1AC6FB16180E9959004C840B /* PBXTargetDependency */,
			);
			name = "WarOfWords-desktop";
			productName = iphone;
			productReference = 5087E76F17EB910900C73F5D /* WarOfWords-desktop.app */;
			productType = "com.apple.product-type.application";
		};
/* End PBXNativeTarget section */

/* Begin PBXProject section */
		29B97313FDCFA39411CA2CEA /* Project object */ = {
			isa = PBXProject;
			attributes = {
				LastUpgradeCheck = 0820;
				TargetAttributes = {
					1D6058900D05DD3D006BFB54 = {
						DevelopmentTeam = QSLY5SF2LD;
						ProvisioningStyle = Automatic;
						SystemCapabilities = {
							com.apple.InAppPurchase = {
								enabled = 1;
							};
							com.apple.Push = {
								enabled = 1;
							};
							com.apple.iCloud = {
								enabled = 0;
							};
						};
					};
				};
			};
			buildConfigurationList = C01FCF4E08A954540054247B /* Build configuration list for PBXProject "WarOfWords" */;
			compatibilityVersion = "Xcode 3.2";
			developmentRegion = English;
			hasScannedForEncodings = 1;
			knownRegions = (
				English,
				Japanese,
				French,
				German,
			);
			mainGroup = 29B97314FDCFA39411CA2CEA /* CustomTemplate */;
			projectDirPath = "";
			projectReferences = (
				{
					ProductGroup = 1AC6FAE6180E9839004C840B /* Products */;
					ProjectRef = 1AC6FAE5180E9839004C840B /* cocos2d_libs.xcodeproj */;
				},
			);
			projectRoot = "";
			targets = (
				1D6058900D05DD3D006BFB54 /* WarOfWords-mobile */,
				5087E73D17EB910900C73F5D /* WarOfWords-desktop */,
			);
		};
/* End PBXProject section */

/* Begin PBXReferenceProxy section */
		064C63D91E5A9E6F00822AC7 /* libcocos2d tvOS.a */ = {
			isa = PBXReferenceProxy;
			fileType = archive.ar;
			path = "libcocos2d tvOS.a";
			remoteRef = 064C63D81E5A9E6F00822AC7 /* PBXContainerItemProxy */;
			sourceTree = BUILT_PRODUCTS_DIR;
		};
		1AC6FAF9180E9839004C840B /* libcocos2d Mac.a */ = {
			isa = PBXReferenceProxy;
			fileType = archive.ar;
			path = "libcocos2d Mac.a";
			remoteRef = 1AC6FAF8180E9839004C840B /* PBXContainerItemProxy */;
			sourceTree = BUILT_PRODUCTS_DIR;
		};
		1AC6FB07180E9839004C840B /* libcocos2d iOS.a */ = {
			isa = PBXReferenceProxy;
			fileType = archive.ar;
			path = "libcocos2d iOS.a";
			remoteRef = 1AC6FB06180E9839004C840B /* PBXContainerItemProxy */;
			sourceTree = BUILT_PRODUCTS_DIR;
		};
/* End PBXReferenceProxy section */

/* Begin PBXResourcesBuildPhase section */
		1D60588D0D05DD3D006BFB54 /* Resources */ = {
			isa = PBXResourcesBuildPhase;
			buildActionMask = 2147483647;
			files = (
				5087E78117EB970100C73F5D /* Icon-120.png in Resources */,
				5087E78617EB970100C73F5D /* Icon-76.png in Resources */,
				5087E77F17EB970100C73F5D /* Default@2x.png in Resources */,
				50EF629917ECD46A001EB2F8 /* Icon-100.png in Resources */,
				5087E78317EB970100C73F5D /* Icon-152.png in Resources */,
				5087E77D17EB970100C73F5D /* Default-568h@2x.png in Resources */,
				5087E78517EB970100C73F5D /* Icon-72.png in Resources */,
				521A8E6519F0C34300D177D7 /* Default-736h@3x.png in Resources */,
				521A8EA919F11F5000D177D7 /* fonts in Resources */,
				50EF62A317ECD613001EB2F8 /* Icon-50.png in Resources */,
				5087E78017EB970100C73F5D /* Icon-114.png in Resources */,
				50EF62A217ECD613001EB2F8 /* Icon-29.png in Resources */,
				50EF629617ECD46A001EB2F8 /* Icon-40.png in Resources */,
				5087E78217EB970100C73F5D /* Icon-144.png in Resources */,
				3EACC98F19EE6D4300EB3C5E /* res in Resources */,
				50EF629817ECD46A001EB2F8 /* Icon-80.png in Resources */,
				5087E78417EB970100C73F5D /* Icon-57.png in Resources */,
				5087E77E17EB970100C73F5D /* Default.png in Resources */,
				521A8E6419F0C34300D177D7 /* Default-667h@2x.png in Resources */,
				50EF629717ECD46A001EB2F8 /* Icon-58.png in Resources */,
			);
			runOnlyForDeploymentPostprocessing = 0;
		};
		5087E74817EB910900C73F5D /* Resources */ = {
			isa = PBXResourcesBuildPhase;
			buildActionMask = 2147483647;
			files = (
				503AE0F817EB97AB00D1A890 /* Icon.icns in Resources */,
				3EACC99019EE6D4300EB3C5E /* res in Resources */,
				521A8EAA19F11F5000D177D7 /* fonts in Resources */,
			);
			runOnlyForDeploymentPostprocessing = 0;
		};
/* End PBXResourcesBuildPhase section */

/* Begin PBXShellScriptBuildPhase section */
		0EA9558C1F32C6B600432643 /* ShellScript */ = {
			isa = PBXShellScriptBuildPhase;
			buildActionMask = 2147483647;
			files = (
			);
			inputPaths = (
			);
			outputPaths = (
			);
			runOnlyForDeploymentPostprocessing = 0;
			shellPath = /bin/sh;
			shellScript = "./Fabric.framework/run 0b3b04bd9667c83772dafbe5f0b80a01454e46d0 f200e9ba4f20b6e4e075d8183fd768409c441241b309fa3e4f290c7bec1536a2";
		};
/* End PBXShellScriptBuildPhase section */

/* Begin PBXSourcesBuildPhase section */
		1D60588E0D05DD3D006BFB54 /* Sources */ = {
			isa = PBXSourcesBuildPhase;
			buildActionMask = 2147483647;
			files = (
				068C5ABB1F1A3B3B0033C4EF /* WWResultScreen.cpp in Sources */,
				06C9840D1E5B00B700B0660C /* WWAlphabetSprite.cpp in Sources */,
				064EE7681ECFFF7100FD9331 /* WWBattleScreen.cpp in Sources */,
				0685C6821EB83B8800139015 /* WWMainMenuScreen.cpp in Sources */,
				46880B8819C43A87006E1F66 /* AppDelegate.cpp in Sources */,
				0698817D1F03A02700C5230C /* WWmainMenuPlayConfirmation.cpp in Sources */,
				0EFE7B671EC371580068A527 /* WWCommonUtilty.cpp in Sources */,
				06ECB2F31EB6F79B004C6DB6 /* WWLandingScreen.cpp in Sources */,
				06A1FF551EB72591006A1FE7 /* WWSignupScreen.cpp in Sources */,
				0EFE7B631EC365880068A527 /* WWDatamanager.cpp in Sources */,
				06BFF47E1EF4C14F00012DF3 /* WWPlayerInfo.cpp in Sources */,
				061ED55C1E6BFEF7000DD216 /* WWNetworkManager.cpp in Sources */,
				46880B8A19C43A87006E1F66 /* HelloWorldScene.cpp in Sources */,
				06C984031E5AC38900B0660C /* WWObjectiveCCalls.mm in Sources */,
				503AE10017EB989F00D1A890 /* AppController.mm in Sources */,
				503AE10217EB989F00D1A890 /* RootViewController.mm in Sources */,
				061ED52A1E6BF635000DD216 /* WWFacebookShare.mm in Sources */,
				503AE10117EB989F00D1A890 /* main.m in Sources */,
				06E685DE1E7B901A00833065 /* WWLoginScreen.cpp in Sources */,
				0E15E3F21E994CED00DF9A3B /* WWGameUtility.cpp in Sources */,
				061ED5791E6C44EC000DD216 /* WWSocialManager.cpp in Sources */,
				0685C6851EB85B5900139015 /* WWMainMenuActiveList.cpp in Sources */,
				06E7A6C21E8F7BC1003125BD /* WWPowerUpSprite.cpp in Sources */,
				06C9840A1E5AE32B00B0660C /* WWGameScene.cpp in Sources */,
				061ED5731E6C08AB000DD216 /* WWSocialFriendDetail.cpp in Sources */,
				061ED5761E6C43EB000DD216 /* WWiOSInterface.mm in Sources */,
				06C984021E5AC38900B0660C /* WWObjectiveC.mm in Sources */,
				06BCE5CB1EC0E13C0011C87A /* WWSettingPageLayer.cpp in Sources */,
				06A1FF591EB72F0A006A1FE7 /* WWForgotScreen.cpp in Sources */,
				061ED5591E6BFEE2000DD216 /* Reachability.mm in Sources */,
			);
			runOnlyForDeploymentPostprocessing = 0;
		};
		5087E75617EB910900C73F5D /* Sources */ = {
			isa = PBXSourcesBuildPhase;
			buildActionMask = 2147483647;
			files = (
				46880B8919C43A87006E1F66 /* AppDelegate.cpp in Sources */,
				503AE10517EB98FF00D1A890 /* main.cpp in Sources */,
				46880B8B19C43A87006E1F66 /* HelloWorldScene.cpp in Sources */,
			);
			runOnlyForDeploymentPostprocessing = 0;
		};
/* End PBXSourcesBuildPhase section */

/* Begin PBXTargetDependency section */
		1AC6FB16180E9959004C840B /* PBXTargetDependency */ = {
			isa = PBXTargetDependency;
			name = "cocos2dx Mac";
			targetProxy = 1AC6FB15180E9959004C840B /* PBXContainerItemProxy */;
		};
		1AC6FB25180E99E1004C840B /* PBXTargetDependency */ = {
			isa = PBXTargetDependency;
			name = "cocos2dx iOS";
			targetProxy = 1AC6FB24180E99E1004C840B /* PBXContainerItemProxy */;
		};
/* End PBXTargetDependency section */

/* Begin XCBuildConfiguration section */
		1D6058940D05DD3E006BFB54 /* Debug */ = {
			isa = XCBuildConfiguration;
			buildSettings = {
				ALWAYS_SEARCH_USER_PATHS = YES;
				CODE_SIGN_ENTITLEMENTS = "WarOfWords-mobile.entitlements";
				CODE_SIGN_IDENTITY = "iPhone Developer";
				"CODE_SIGN_IDENTITY[sdk=iphoneos*]" = "iPhone Developer";
				COMPRESS_PNG_FILES = NO;
				DEVELOPMENT_TEAM = QSLY5SF2LD;
				ENABLE_BITCODE = NO;
				FRAMEWORK_SEARCH_PATHS = (
					"$(inherited)",
					"$(PROJECT_DIR)/Facebook",
					"$(PROJECT_DIR)",
				);
				GCC_DYNAMIC_NO_PIC = NO;
				GCC_INLINES_ARE_PRIVATE_EXTERN = NO;
				GCC_PRECOMPILE_PREFIX_HEADER = YES;
				GCC_PREFIX_HEADER = ios/Prefix.pch;
				GCC_PREPROCESSOR_DEFINITIONS = (
					USE_FILE32API,
					"COCOS2D_DEBUG=1",
					"CC_ENABLE_CHIPMUNK_INTEGRATION=1",
				);
				GCC_SYMBOLS_PRIVATE_EXTERN = NO;
				HEADER_SEARCH_PATHS = "$(inherited)";
				INFOPLIST_FILE = ios/Info.plist;
				IPHONEOS_DEPLOYMENT_TARGET = 8.0;
				LIBRARY_SEARCH_PATHS = "";
				OTHER_LDFLAGS = (
					"$(_COCOS_LIB_IOS_BEGIN)",
					"$(_COCOS_LIB_IOS_END)",
					"-ObjC",
				);
				PRODUCT_BUNDLE_IDENTIFIER = com.lineology.app;
				SDKROOT = iphoneos;
				STRIP_PNG_TEXT = NO;
				TARGETED_DEVICE_FAMILY = "1,2";
				USER_HEADER_SEARCH_PATHS = "$(_COCOS_HEADER_IOS_BEGIN) $(_COCOS_HEADER_IOS_END)";
				VALID_ARCHS = "arm64 armv7";
			};
			name = Debug;
		};
		1D6058950D05DD3E006BFB54 /* Release */ = {
			isa = XCBuildConfiguration;
			buildSettings = {
				ALWAYS_SEARCH_USER_PATHS = YES;
				CODE_SIGN_ENTITLEMENTS = "WarOfWords-mobile.entitlements";
				CODE_SIGN_IDENTITY = "iPhone Developer";
				"CODE_SIGN_IDENTITY[sdk=iphoneos*]" = "iPhone Developer";
				COMPRESS_PNG_FILES = NO;
				DEVELOPMENT_TEAM = QSLY5SF2LD;
				ENABLE_BITCODE = NO;
				FRAMEWORK_SEARCH_PATHS = (
					"$(inherited)",
					"$(PROJECT_DIR)/Facebook",
					"$(PROJECT_DIR)",
				);
				GCC_INLINES_ARE_PRIVATE_EXTERN = NO;
				GCC_PRECOMPILE_PREFIX_HEADER = YES;
				GCC_PREFIX_HEADER = ios/Prefix.pch;
				GCC_PREPROCESSOR_DEFINITIONS = (
					USE_FILE32API,
					"CC_ENABLE_CHIPMUNK_INTEGRATION=1",
				);
				GCC_SYMBOLS_PRIVATE_EXTERN = NO;
				HEADER_SEARCH_PATHS = "$(inherited)";
				INFOPLIST_FILE = ios/Info.plist;
				IPHONEOS_DEPLOYMENT_TARGET = 8.0;
				LIBRARY_SEARCH_PATHS = "";
				OTHER_LDFLAGS = (
					"$(_COCOS_LIB_IOS_BEGIN)",
					"$(_COCOS_LIB_IOS_END)",
					"-ObjC",
				);
				PRODUCT_BUNDLE_IDENTIFIER = com.lineology.app;
				SDKROOT = iphoneos;
				STRIP_PNG_TEXT = NO;
				TARGETED_DEVICE_FAMILY = "1,2";
				USER_HEADER_SEARCH_PATHS = "$(_COCOS_HEADER_IOS_BEGIN) $(_COCOS_HEADER_IOS_END)";
				VALID_ARCHS = "arm64 armv7";
			};
			name = Release;
		};
		5087E76D17EB910900C73F5D /* Debug */ = {
			isa = XCBuildConfiguration;
			buildSettings = {
				ALWAYS_SEARCH_USER_PATHS = YES;
				CLANG_CXX_LANGUAGE_STANDARD = "c++0x";
				CLANG_CXX_LIBRARY = "libc++";
				COMBINE_HIDPI_IMAGES = YES;
				GCC_DYNAMIC_NO_PIC = NO;
				GCC_INLINES_ARE_PRIVATE_EXTERN = NO;
				GCC_PRECOMPILE_PREFIX_HEADER = YES;
				GCC_PREFIX_HEADER = mac/Prefix.pch;
				GCC_PREPROCESSOR_DEFINITIONS = (
					USE_FILE32API,
					"COCOS2D_DEBUG=1",
					"CC_ENABLE_CHIPMUNK_INTEGRATION=1",
				);
				GCC_SYMBOLS_PRIVATE_EXTERN = NO;
				HEADER_SEARCH_PATHS = (
					"$(inherited)",
					"$(SRCROOT)/../cocos2d/external/glfw3/include/mac",
				);
				INFOPLIST_FILE = mac/Info.plist;
				LIBRARY_SEARCH_PATHS = "";
				OTHER_LDFLAGS = (
					"$(_COCOS_LIB_MAC_BEGIN)",
					"$(_COCOS_LIB_MAC_END)",
				);
				PRODUCT_BUNDLE_IDENTIFIER = com.sample.warofprojects;
				USER_HEADER_SEARCH_PATHS = "$(_COCOS_HEADER_MAC_BEGIN) $(_COCOS_HEADER_MAC_END)";
			};
			name = Debug;
		};
		5087E76E17EB910900C73F5D /* Release */ = {
			isa = XCBuildConfiguration;
			buildSettings = {
				ALWAYS_SEARCH_USER_PATHS = YES;
				CLANG_CXX_LANGUAGE_STANDARD = "c++0x";
				CLANG_CXX_LIBRARY = "libc++";
				COMBINE_HIDPI_IMAGES = YES;
				GCC_INLINES_ARE_PRIVATE_EXTERN = NO;
				GCC_PRECOMPILE_PREFIX_HEADER = YES;
				GCC_PREFIX_HEADER = mac/Prefix.pch;
				GCC_PREPROCESSOR_DEFINITIONS = (
					USE_FILE32API,
					"CC_ENABLE_CHIPMUNK_INTEGRATION=1",
				);
				GCC_SYMBOLS_PRIVATE_EXTERN = NO;
				HEADER_SEARCH_PATHS = (
					"$(inherited)",
					"$(SRCROOT)/../cocos2d/external/glfw3/include/mac",
				);
				INFOPLIST_FILE = mac/Info.plist;
				LIBRARY_SEARCH_PATHS = "";
				OTHER_LDFLAGS = (
					"$(_COCOS_LIB_MAC_BEGIN)",
					"$(_COCOS_LIB_MAC_END)",
				);
				PRODUCT_BUNDLE_IDENTIFIER = com.sample.warofprojects;
				USER_HEADER_SEARCH_PATHS = "$(_COCOS_HEADER_MAC_BEGIN) $(_COCOS_HEADER_MAC_END)";
			};
			name = Release;
		};
		C01FCF4F08A954540054247B /* Debug */ = {
			isa = XCBuildConfiguration;
			buildSettings = {
				CLANG_ANALYZER_LOCALIZABILITY_NONLOCALIZED = YES;
				CLANG_CXX_LANGUAGE_STANDARD = "c++0x";
				CLANG_CXX_LIBRARY = "libc++";
				CLANG_WARN_BOOL_CONVERSION = YES;
				CLANG_WARN_CONSTANT_CONVERSION = YES;
				CLANG_WARN_EMPTY_BODY = YES;
				CLANG_WARN_ENUM_CONVERSION = YES;
				CLANG_WARN_INFINITE_RECURSION = YES;
				CLANG_WARN_INT_CONVERSION = YES;
				CLANG_WARN_SUSPICIOUS_MOVE = YES;
				CLANG_WARN_UNREACHABLE_CODE = YES;
				CLANG_WARN__DUPLICATE_METHOD_MATCH = YES;
				COPY_PHASE_STRIP = NO;
				ENABLE_STRICT_OBJC_MSGSEND = YES;
				ENABLE_TESTABILITY = YES;
				GCC_NO_COMMON_BLOCKS = YES;
				GCC_OPTIMIZATION_LEVEL = 0;
				GCC_WARN_64_TO_32_BIT_CONVERSION = YES;
				GCC_WARN_ABOUT_RETURN_TYPE = YES;
				GCC_WARN_UNDECLARED_SELECTOR = YES;
				GCC_WARN_UNINITIALIZED_AUTOS = YES;
				GCC_WARN_UNUSED_FUNCTION = YES;
				GCC_WARN_UNUSED_VARIABLE = YES;
				HEADER_SEARCH_PATHS = (
					"$(SRCROOT)/../cocos2d",
					"$(SRCROOT)/../cocos2d/cocos/audio/include",
					"$(SRCROOT)/../cocos2d/cocos",
					"$(SRCROOT)/../cocos2d/extensions",
					"$(SRCROOT)/../cocos2d/external",
					"$(SRCROOT)/../cocos2d/external/chipmunk/include/chipmunk",
				);
				IPHONEOS_DEPLOYMENT_TARGET = 8.0;
				MACOSX_DEPLOYMENT_TARGET = 10.7;
				ONLY_ACTIVE_ARCH = YES;
				PRODUCT_NAME = "$(TARGET_NAME)";
				SDKROOT = macosx;
			};
			name = Debug;
		};
		C01FCF5008A954540054247B /* Release */ = {
			isa = XCBuildConfiguration;
			buildSettings = {
				CLANG_ANALYZER_LOCALIZABILITY_NONLOCALIZED = YES;
				CLANG_CXX_LANGUAGE_STANDARD = "c++0x";
				CLANG_CXX_LIBRARY = "libc++";
				CLANG_WARN_BOOL_CONVERSION = YES;
				CLANG_WARN_CONSTANT_CONVERSION = YES;
				CLANG_WARN_EMPTY_BODY = YES;
				CLANG_WARN_ENUM_CONVERSION = YES;
				CLANG_WARN_INFINITE_RECURSION = YES;
				CLANG_WARN_INT_CONVERSION = YES;
				CLANG_WARN_SUSPICIOUS_MOVE = YES;
				CLANG_WARN_UNREACHABLE_CODE = YES;
				CLANG_WARN__DUPLICATE_METHOD_MATCH = YES;
				ENABLE_STRICT_OBJC_MSGSEND = YES;
				GCC_NO_COMMON_BLOCKS = YES;
				GCC_WARN_64_TO_32_BIT_CONVERSION = YES;
				GCC_WARN_ABOUT_RETURN_TYPE = YES;
				GCC_WARN_UNDECLARED_SELECTOR = YES;
				GCC_WARN_UNINITIALIZED_AUTOS = YES;
				GCC_WARN_UNUSED_FUNCTION = YES;
				GCC_WARN_UNUSED_VARIABLE = YES;
				HEADER_SEARCH_PATHS = (
					"$(SRCROOT)/../cocos2d",
					"$(SRCROOT)/../cocos2d/cocos/audio/include",
					"$(SRCROOT)/../cocos2d/cocos",
					"$(SRCROOT)/../cocos2d/extensions",
					"$(SRCROOT)/../cocos2d/external",
					"$(SRCROOT)/../cocos2d/external/chipmunk/include/chipmunk",
				);
				IPHONEOS_DEPLOYMENT_TARGET = 8.0;
				MACOSX_DEPLOYMENT_TARGET = 10.7;
				OTHER_CFLAGS = "-DNS_BLOCK_ASSERTIONS=1";
				PRODUCT_NAME = "$(TARGET_NAME)";
				SDKROOT = macosx;
				VALIDATE_PRODUCT = YES;
			};
			name = Release;
		};
/* End XCBuildConfiguration section */

/* Begin XCConfigurationList section */
		1D6058960D05DD3E006BFB54 /* Build configuration list for PBXNativeTarget "WarOfWords-mobile" */ = {
			isa = XCConfigurationList;
			buildConfigurations = (
				1D6058940D05DD3E006BFB54 /* Debug */,
				1D6058950D05DD3E006BFB54 /* Release */,
			);
			defaultConfigurationIsVisible = 0;
			defaultConfigurationName = Debug;
		};
		5087E76C17EB910900C73F5D /* Build configuration list for PBXNativeTarget "WarOfWords-desktop" */ = {
			isa = XCConfigurationList;
			buildConfigurations = (
				5087E76D17EB910900C73F5D /* Debug */,
				5087E76E17EB910900C73F5D /* Release */,
			);
			defaultConfigurationIsVisible = 0;
			defaultConfigurationName = Debug;
		};
		C01FCF4E08A954540054247B /* Build configuration list for PBXProject "WarOfWords" */ = {
			isa = XCConfigurationList;
			buildConfigurations = (
				C01FCF4F08A954540054247B /* Debug */,
				C01FCF5008A954540054247B /* Release */,
			);
			defaultConfigurationIsVisible = 0;
			defaultConfigurationName = Debug;
		};
/* End XCConfigurationList section */
	};
	rootObject = 29B97313FDCFA39411CA2CEA /* Project object */;
}
